// !$*UTF8*$!
{
	archiveVersion = 1;
	classes = {
	};
	objectVersion = 52;
	objects = {

/* Begin PBXBuildFile section */
		0E0817CE23E8B1B70010532D /* MessageTableViewCell.swift in Sources */ = {isa = PBXBuildFile; fileRef = 0E0817CD23E8B1B70010532D /* MessageTableViewCell.swift */; };
		0E09806723E20D2C000110AB /* Events.storyboard in Resources */ = {isa = PBXBuildFile; fileRef = 0E09806623E20D2C000110AB /* Events.storyboard */; };
		0E09806923E20DB1000110AB /* EventDetail.storyboard in Resources */ = {isa = PBXBuildFile; fileRef = 0E09806823E20DB1000110AB /* EventDetail.storyboard */; };
		0E09806B23E2A526000110AB /* SearchController.swift in Sources */ = {isa = PBXBuildFile; fileRef = 0E09806A23E2A526000110AB /* SearchController.swift */; };
		0E09806D23E2A983000110AB /* RecentSearchesTableViewCell.swift in Sources */ = {isa = PBXBuildFile; fileRef = 0E09806C23E2A983000110AB /* RecentSearchesTableViewCell.swift */; };
		0E2B119523ECE53E0072E72E /* UserDefaults+Extension.swift in Sources */ = {isa = PBXBuildFile; fileRef = 0E2B119423ECE53E0072E72E /* UserDefaults+Extension.swift */; };
		0E2B119723ED0FCC0072E72E /* SearchView.swift in Sources */ = {isa = PBXBuildFile; fileRef = 0E2B119623ED0FCB0072E72E /* SearchView.swift */; };
		0E2E723123EA4082006F94D3 /* JWT+Extension.swift in Sources */ = {isa = PBXBuildFile; fileRef = 0E2E723023EA4082006F94D3 /* JWT+Extension.swift */; };
		0E2E723323EA5A47006F94D3 /* UIButton+Extension.swift in Sources */ = {isa = PBXBuildFile; fileRef = 0E2E723223EA5A47006F94D3 /* UIButton+Extension.swift */; };
		0E73088F23C69147006B5326 /* EventControllerTests.swift in Sources */ = {isa = PBXBuildFile; fileRef = 0E73088E23C69147006B5326 /* EventControllerTests.swift */; };
		0E7DD80923C8E844009843BE /* EventDetailViewController.swift in Sources */ = {isa = PBXBuildFile; fileRef = 0E7DD80823C8E844009843BE /* EventDetailViewController.swift */; };
		0E7DD81E23CA4BAC009843BE /* ImageNotification.swift in Sources */ = {isa = PBXBuildFile; fileRef = 0E7DD81D23CA4BAC009843BE /* ImageNotification.swift */; };
		0E974A2E23C7EE6200CEE05D /* Butler-Bold.ttf in Resources */ = {isa = PBXBuildFile; fileRef = 0E974A2D23C7EE6200CEE05D /* Butler-Bold.ttf */; };
		0E974A3023C7EE8D00CEE05D /* Butler-Black.ttf in Resources */ = {isa = PBXBuildFile; fileRef = 0E974A2F23C7EE8D00CEE05D /* Butler-Black.ttf */; };
		0E974A3223C7EEB000CEE05D /* Butler-ExtraBold.ttf in Resources */ = {isa = PBXBuildFile; fileRef = 0E974A3123C7EEB000CEE05D /* Butler-ExtraBold.ttf */; };
		0E974A3723C7EF4000CEE05D /* Butler-Ultra-Light.ttf in Resources */ = {isa = PBXBuildFile; fileRef = 0E974A3323C7EF0700CEE05D /* Butler-Ultra-Light.ttf */; };
		0E974A3823C7EF4000CEE05D /* Butler-Light.ttf in Resources */ = {isa = PBXBuildFile; fileRef = 0E974A3423C7EF1E00CEE05D /* Butler-Light.ttf */; };
		0E974A3923C7EF4000CEE05D /* Butler-Regular.ttf in Resources */ = {isa = PBXBuildFile; fileRef = 0E974A3523C7EF3100CEE05D /* Butler-Regular.ttf */; };
		0E974A3A23C7EF4000CEE05D /* Butler-Medium.ttf in Resources */ = {isa = PBXBuildFile; fileRef = 0E974A3623C7EF4000CEE05D /* Butler-Medium.ttf */; };
		0E9FDD6023A8366F00FD75A0 /* Poppins-Light.ttf in Resources */ = {isa = PBXBuildFile; fileRef = 0E9FDD4E23A8366D00FD75A0 /* Poppins-Light.ttf */; };
		0E9FDD6123A8366F00FD75A0 /* Poppins-Italic.ttf in Resources */ = {isa = PBXBuildFile; fileRef = 0E9FDD4F23A8366D00FD75A0 /* Poppins-Italic.ttf */; };
		0E9FDD6223A8366F00FD75A0 /* Poppins-Thin.ttf in Resources */ = {isa = PBXBuildFile; fileRef = 0E9FDD5023A8366D00FD75A0 /* Poppins-Thin.ttf */; };
		0E9FDD6323A8366F00FD75A0 /* Poppins-SemiBold.ttf in Resources */ = {isa = PBXBuildFile; fileRef = 0E9FDD5123A8366D00FD75A0 /* Poppins-SemiBold.ttf */; };
		0E9FDD6423A8366F00FD75A0 /* Poppins-ThinItalic.ttf in Resources */ = {isa = PBXBuildFile; fileRef = 0E9FDD5223A8366D00FD75A0 /* Poppins-ThinItalic.ttf */; };
		0E9FDD6523A8366F00FD75A0 /* Poppins-ExtraLightItalic.ttf in Resources */ = {isa = PBXBuildFile; fileRef = 0E9FDD5323A8366D00FD75A0 /* Poppins-ExtraLightItalic.ttf */; };
		0E9FDD6623A8366F00FD75A0 /* Poppins-MediumItalic.ttf in Resources */ = {isa = PBXBuildFile; fileRef = 0E9FDD5423A8366D00FD75A0 /* Poppins-MediumItalic.ttf */; };
		0E9FDD6723A8366F00FD75A0 /* Poppins-LightItalic.ttf in Resources */ = {isa = PBXBuildFile; fileRef = 0E9FDD5523A8366E00FD75A0 /* Poppins-LightItalic.ttf */; };
		0E9FDD6823A8366F00FD75A0 /* Poppins-BlackItalic.ttf in Resources */ = {isa = PBXBuildFile; fileRef = 0E9FDD5623A8366E00FD75A0 /* Poppins-BlackItalic.ttf */; };
		0E9FDD6923A8366F00FD75A0 /* Poppins-Black.ttf in Resources */ = {isa = PBXBuildFile; fileRef = 0E9FDD5723A8366E00FD75A0 /* Poppins-Black.ttf */; };
		0E9FDD6A23A8366F00FD75A0 /* Poppins-SemiBoldItalic.ttf in Resources */ = {isa = PBXBuildFile; fileRef = 0E9FDD5823A8366E00FD75A0 /* Poppins-SemiBoldItalic.ttf */; };
		0E9FDD6B23A8366F00FD75A0 /* Poppins-BoldItalic.ttf in Resources */ = {isa = PBXBuildFile; fileRef = 0E9FDD5923A8366E00FD75A0 /* Poppins-BoldItalic.ttf */; };
		0E9FDD6C23A8366F00FD75A0 /* Poppins-ExtraBold.ttf in Resources */ = {isa = PBXBuildFile; fileRef = 0E9FDD5A23A8366E00FD75A0 /* Poppins-ExtraBold.ttf */; };
		0E9FDD6D23A8366F00FD75A0 /* Poppins-ExtraBoldItalic.ttf in Resources */ = {isa = PBXBuildFile; fileRef = 0E9FDD5B23A8366E00FD75A0 /* Poppins-ExtraBoldItalic.ttf */; };
		0E9FDD6E23A8366F00FD75A0 /* Poppins-ExtraLight.ttf in Resources */ = {isa = PBXBuildFile; fileRef = 0E9FDD5C23A8366E00FD75A0 /* Poppins-ExtraLight.ttf */; };
		0E9FDD6F23A8366F00FD75A0 /* Poppins-Medium.ttf in Resources */ = {isa = PBXBuildFile; fileRef = 0E9FDD5D23A8366E00FD75A0 /* Poppins-Medium.ttf */; };
		0E9FDD7023A8366F00FD75A0 /* Poppins-Bold.ttf in Resources */ = {isa = PBXBuildFile; fileRef = 0E9FDD5E23A8366E00FD75A0 /* Poppins-Bold.ttf */; };
		0E9FDD7123A8366F00FD75A0 /* Poppins-Regular.ttf in Resources */ = {isa = PBXBuildFile; fileRef = 0E9FDD5F23A8366F00FD75A0 /* Poppins-Regular.ttf */; };
		0E9FDD7323A84FC100FD75A0 /* EventTableViewCell.swift in Sources */ = {isa = PBXBuildFile; fileRef = 0E9FDD7223A84FC100FD75A0 /* EventTableViewCell.swift */; };
		0E9FDD7523A8567B00FD75A0 /* FeaturedCollectionViewCell.swift in Sources */ = {isa = PBXBuildFile; fileRef = 0E9FDD7423A8567B00FD75A0 /* FeaturedCollectionViewCell.swift */; };
		0E9FDD7723A8574B00FD75A0 /* EventCollectionViewCell.swift in Sources */ = {isa = PBXBuildFile; fileRef = 0E9FDD7623A8574B00FD75A0 /* EventCollectionViewCell.swift */; };
		0E9FDD7923A8600700FD75A0 /* Variables.swift in Sources */ = {isa = PBXBuildFile; fileRef = 0E9FDD7823A8600700FD75A0 /* Variables.swift */; };
		0EA9731E23EB228500085435 /* EventTabBarController.swift in Sources */ = {isa = PBXBuildFile; fileRef = 0EA9731D23EB228500085435 /* EventTabBarController.swift */; };
		0EA9732023EB260500085435 /* EventViewController.swift in Sources */ = {isa = PBXBuildFile; fileRef = 0EA9731F23EB260500085435 /* EventViewController.swift */; };
		0EA9732223EB2E8700085435 /* EventNavController.swift in Sources */ = {isa = PBXBuildFile; fileRef = 0EA9732123EB2E8700085435 /* EventNavController.swift */; };
		0EA9732423EB324200085435 /* Controller.swift in Sources */ = {isa = PBXBuildFile; fileRef = 0EA9732323EB324200085435 /* Controller.swift */; };
		0EA9732623EB39B500085435 /* String+Extension.swift in Sources */ = {isa = PBXBuildFile; fileRef = 0EA9732523EB39B500085435 /* String+Extension.swift */; };
		0EB19D5423A82C5B00640A40 /* AppDelegate.swift in Sources */ = {isa = PBXBuildFile; fileRef = 0EB19D5323A82C5B00640A40 /* AppDelegate.swift */; };
		0EB19D5623A82C5B00640A40 /* SceneDelegate.swift in Sources */ = {isa = PBXBuildFile; fileRef = 0EB19D5523A82C5B00640A40 /* SceneDelegate.swift */; };
		0EB19D5823A82C5B00640A40 /* HomeViewController.swift in Sources */ = {isa = PBXBuildFile; fileRef = 0EB19D5723A82C5B00640A40 /* HomeViewController.swift */; };
		0EB19D5B23A82C5B00640A40 /* Main.storyboard in Resources */ = {isa = PBXBuildFile; fileRef = 0EB19D5923A82C5B00640A40 /* Main.storyboard */; };
		0EB19D6023A82C6200640A40 /* Assets.xcassets in Resources */ = {isa = PBXBuildFile; fileRef = 0EB19D5F23A82C6200640A40 /* Assets.xcassets */; };
		0EB19D6323A82C6200640A40 /* LaunchScreen.storyboard in Resources */ = {isa = PBXBuildFile; fileRef = 0EB19D6123A82C6200640A40 /* LaunchScreen.storyboard */; };
		0EE2AC2323CE3B6C002B3EB4 /* Filter.storyboard in Resources */ = {isa = PBXBuildFile; fileRef = 0EE2AC2223CE3B6C002B3EB4 /* Filter.storyboard */; };
		0EE2AC2523CE7133002B3EB4 /* CustomPushAnimator.swift in Sources */ = {isa = PBXBuildFile; fileRef = 0EE2AC2423CE7133002B3EB4 /* CustomPushAnimator.swift */; };
		0EE2AC2723CE7233002B3EB4 /* CustomPopAnimator.swift in Sources */ = {isa = PBXBuildFile; fileRef = 0EE2AC2623CE7233002B3EB4 /* CustomPopAnimator.swift */; };
		0EE2AC2923CF5142002B3EB4 /* FilterViewController.swift in Sources */ = {isa = PBXBuildFile; fileRef = 0EE2AC2823CF5142002B3EB4 /* FilterViewController.swift */; };
		0EE2AC2B23CFFA0D002B3EB4 /* UIDevice+Extension.swift in Sources */ = {isa = PBXBuildFile; fileRef = 0EE2AC2A23CFFA0D002B3EB4 /* UIDevice+Extension.swift */; };
		0EE2AC2D23CFFA4A002B3EB4 /* UIColor+Extension.swift in Sources */ = {isa = PBXBuildFile; fileRef = 0EE2AC2C23CFFA4A002B3EB4 /* UIColor+Extension.swift */; };
		0EE2AC2F23CFFA71002B3EB4 /* Notification.Name+Extension.swift in Sources */ = {isa = PBXBuildFile; fileRef = 0EE2AC2E23CFFA71002B3EB4 /* Notification.Name+Extension.swift */; };
		0EE2AC3123CFFB2C002B3EB4 /* Functions.swift in Sources */ = {isa = PBXBuildFile; fileRef = 0EE2AC3023CFFB2C002B3EB4 /* Functions.swift */; };
		0EE2AC3323D0FD77002B3EB4 /* TagCollectionViewCell.swift in Sources */ = {isa = PBXBuildFile; fileRef = 0EE2AC3223D0FD76002B3EB4 /* TagCollectionViewCell.swift */; };
		0EE307A823AC53470045EFD1 /* Community_Calendar.xcdatamodeld in Sources */ = {isa = PBXBuildFile; fileRef = 0EE307A523AC53470045EFD1 /* Community_Calendar.xcdatamodeld */; };
		0EE307A923AC53470045EFD1 /* Event.swift in Sources */ = {isa = PBXBuildFile; fileRef = 0EE307A723AC53470045EFD1 /* Event.swift */; };
		0EE4C32623A9795700774B82 /* Pods_Community_Calendar.framework in Frameworks */ = {isa = PBXBuildFile; fileRef = 97E2D03C6715BC8FE7CFA243 /* Pods_Community_Calendar.framework */; };
		0EF6DDE423DF479400D8A91B /* Location.swift in Sources */ = {isa = PBXBuildFile; fileRef = 0EF6DDE323DF479400D8A91B /* Location.swift */; };
		0EF6DDE623DF47AF00D8A91B /* Tag.swift in Sources */ = {isa = PBXBuildFile; fileRef = 0EF6DDE523DF47AF00D8A91B /* Tag.swift */; };
		0EF6DDE823DF521600D8A91B /* Filter.swift in Sources */ = {isa = PBXBuildFile; fileRef = 0EF6DDE723DF521600D8A91B /* Filter.swift */; };
		0EF6DDED23DFFB7800D8A91B /* DropDownTextField.swift in Sources */ = {isa = PBXBuildFile; fileRef = 0EF6DDEC23DFFB7800D8A91B /* DropDownTextField.swift */; };
		0EF6DDEF23E0D94F00D8A91B /* Date+Extension.swift in Sources */ = {isa = PBXBuildFile; fileRef = 0EF6DDEE23E0D94E00D8A91B /* Date+Extension.swift */; };
		0EF6DDF523E1FE1600D8A91B /* SearchResults.storyboard in Resources */ = {isa = PBXBuildFile; fileRef = 0EF6DDF423E1FE1600D8A91B /* SearchResults.storyboard */; };
		0EF6DDF823E200FC00D8A91B /* SearchResultViewController.swift in Sources */ = {isa = PBXBuildFile; fileRef = 0EF6DDF723E200FC00D8A91B /* SearchResultViewController.swift */; };
		1A87B8EA24620E0900282274 /* UserProfileViewController.swift in Sources */ = {isa = PBXBuildFile; fileRef = 1A87B8E824620E0900282274 /* UserProfileViewController.swift */; };
		4576D26C245FB57A0032ACB2 /* EditProfileViewController.swift in Sources */ = {isa = PBXBuildFile; fileRef = 4576D26B245FB57A0032ACB2 /* EditProfileViewController.swift */; };
		4C133D4D246D354F0029EC17 /* SettingsLauncher.swift in Sources */ = {isa = PBXBuildFile; fileRef = 4C133D4C246D354F0029EC17 /* SettingsLauncher.swift */; };
		4C1AEB19245B40F300BEECEF /* Okta.plist in Resources */ = {isa = PBXBuildFile; fileRef = 4C1AEB18245B40F300BEECEF /* Okta.plist */; };
		4C2317BB247D08B900CBC034 /* UIButton+Ext.swift in Sources */ = {isa = PBXBuildFile; fileRef = 4C2317BA247D08B900CBC034 /* UIButton+Ext.swift */; };
		4C2842F224693AF500178677 /* Apollo.swift in Sources */ = {isa = PBXBuildFile; fileRef = 4C2842F124693AF500178677 /* Apollo.swift */; };
		4C2B2FD7247097090059A4D8 /* EditProfileView.swift in Sources */ = {isa = PBXBuildFile; fileRef = 4C2B2FD6247097090059A4D8 /* EditProfileView.swift */; };
		4C305A11246A3DC900AB9164 /* FilteredEventDataSource.swift in Sources */ = {isa = PBXBuildFile; fileRef = 4C305A10246A3DC900AB9164 /* FilteredEventDataSource.swift */; };
		4C3674D424660B5E00C74C00 /* UserProfileVC.swift in Sources */ = {isa = PBXBuildFile; fileRef = 4C3674D324660B5E00C74C00 /* UserProfileVC.swift */; };
		4C3674D82466588D00C74C00 /* EventVC+CollectionView.swift in Sources */ = {isa = PBXBuildFile; fileRef = 4C3674D72466588D00C74C00 /* EventVC+CollectionView.swift */; };
		4C3859CA2460C2DB00ADBBB4 /* AuthController.swift in Sources */ = {isa = PBXBuildFile; fileRef = 4C3859C92460C2DB00ADBBB4 /* AuthController.swift */; };
		4C4458BD247B7A7E00F4C99B /* UIView+GradientLayer.swift in Sources */ = {isa = PBXBuildFile; fileRef = 4C4458BC247B7A7E00F4C99B /* UIView+GradientLayer.swift */; };
		4C468CE5246207C4004799E3 /* Apollo in Frameworks */ = {isa = PBXBuildFile; productRef = 4C468CE4246207C4004799E3 /* Apollo */; };
		4C468CE7246207C4004799E3 /* ApolloCodegenLib in Frameworks */ = {isa = PBXBuildFile; productRef = 4C468CE6246207C4004799E3 /* ApolloCodegenLib */; };
		4C468CE9246207C4004799E3 /* ApolloWebSocket in Frameworks */ = {isa = PBXBuildFile; productRef = 4C468CE8246207C4004799E3 /* ApolloWebSocket */; };
		4C5287D024717A440081B533 /* DateHeader.swift in Sources */ = {isa = PBXBuildFile; fileRef = 4C5287CF24717A440081B533 /* DateHeader.swift */; };
		4C6747D22453CEEB00AE768E /* DateCell.swift in Sources */ = {isa = PBXBuildFile; fileRef = 4C6747D12453CEEB00AE768E /* DateCell.swift */; };
		4C6747D42453D87400AE768E /* UIView+DropShadow.swift in Sources */ = {isa = PBXBuildFile; fileRef = 4C6747D32453D87400AE768E /* UIView+DropShadow.swift */; };
		4C69DD63246B1510006E0300 /* FetchUserIDQuery+Ext.swift in Sources */ = {isa = PBXBuildFile; fileRef = 4C69DD62246B1510006E0300 /* FetchUserIDQuery+Ext.swift */; };
		4C69DD65246B18B3006E0300 /* FetchEvents+Ext.swift in Sources */ = {isa = PBXBuildFile; fileRef = 4C69DD64246B18B3006E0300 /* FetchEvents+Ext.swift */; };
		4C6D26D42472E3DD00D86284 /* UserEvents.swift in Sources */ = {isa = PBXBuildFile; fileRef = 4C6D26D32472E3DD00D86284 /* UserEvents.swift */; };
		4C735F58244F7F61000BF5ED /* UIVIew+Constraints.swift in Sources */ = {isa = PBXBuildFile; fileRef = 4C735F57244F7F61000BF5ED /* UIVIew+Constraints.swift */; };
		4C92DEE2246139820049CC78 /* Events.graphql in Resources */ = {isa = PBXBuildFile; fileRef = 4C92DEE1246139820049CC78 /* Events.graphql */; };
		4C92DEE424613C330049CC78 /* API.swift in Sources */ = {isa = PBXBuildFile; fileRef = 4C92DEE324613C330049CC78 /* API.swift */; };
		4C92DEE524613C330049CC78 /* API.swift in Sources */ = {isa = PBXBuildFile; fileRef = 4C92DEE324613C330049CC78 /* API.swift */; };
		4C93BE9D2471259000A18404 /* ShiftableViewController.swift in Sources */ = {isa = PBXBuildFile; fileRef = 4C93BE9C2471259000A18404 /* ShiftableViewController.swift */; };
		4C93BE9F2471260F00A18404 /* ShiftableView.swift in Sources */ = {isa = PBXBuildFile; fileRef = 4C93BE9E2471260F00A18404 /* ShiftableView.swift */; };
		4CAFBF8F246CF16200F3CB97 /* FetchUserIDQuery+SavedEvents.swift in Sources */ = {isa = PBXBuildFile; fileRef = 4CAFBF8E246CF16200F3CB97 /* FetchUserIDQuery+SavedEvents.swift */; };
		4CAFBF91246CF18000F3CB97 /* FetchUserIDQuery+RSVPdEvents.swift in Sources */ = {isa = PBXBuildFile; fileRef = 4CAFBF90246CF18000F3CB97 /* FetchUserIDQuery+RSVPdEvents.swift */; };
		4CAFBF93246CFF6200F3CB97 /* User.swift in Sources */ = {isa = PBXBuildFile; fileRef = 4CAFBF92246CFF6200F3CB97 /* User.swift */; };
		4CB27D692475119A006FA7AD /* Array+Extension.swift in Sources */ = {isa = PBXBuildFile; fileRef = 4CB27D682475119A006FA7AD /* Array+Extension.swift */; };
		4CBB181224678D4400BDD233 /* UIViewController+UserInfoAlert.swift in Sources */ = {isa = PBXBuildFile; fileRef = 4CBB181124678D4400BDD233 /* UIViewController+UserInfoAlert.swift */; };
		4CBB18142467B47200BDD233 /* HomeVC+Ext.swift in Sources */ = {isa = PBXBuildFile; fileRef = 4CBB18132467B47200BDD233 /* HomeVC+Ext.swift */; };
		4CD8683D246ABD2B00CF50AD /* Cache.swift in Sources */ = {isa = PBXBuildFile; fileRef = 4CF915D3246AB98300C754BF /* Cache.swift */; };
		4CDBD11C2461C14E0026A539 /* UserUpdate.graphql in Resources */ = {isa = PBXBuildFile; fileRef = 4CDBD11B2461C14E0026A539 /* UserUpdate.graphql */; };
		4CDCE11F247285BF00224141 /* Creator.swift in Sources */ = {isa = PBXBuildFile; fileRef = 4CDCE11E247285BF00224141 /* Creator.swift */; };
		4CE0D81B246E6AA700E048BC /* SettingCollectionViewCell.swift in Sources */ = {isa = PBXBuildFile; fileRef = 4CE0D81A246E6AA700E048BC /* SettingCollectionViewCell.swift */; };
		4CE2E9372448F2EA005AA6B5 /* MyEventCollectionViewCell.swift in Sources */ = {isa = PBXBuildFile; fileRef = 4CE2E9362448F2EA005AA6B5 /* MyEventCollectionViewCell.swift */; };
		4CE2E9392448FD83005AA6B5 /* UIImage+Decompression.swift in Sources */ = {isa = PBXBuildFile; fileRef = 4CE2E9382448FD83005AA6B5 /* UIImage+Decompression.swift */; };
		4CF915D0246AB7BC00C754BF /* ConcurrentOperations.swift in Sources */ = {isa = PBXBuildFile; fileRef = 4CF915CF246AB7BC00C754BF /* ConcurrentOperations.swift */; };
		4CF915D2246AB81200C754BF /* FilteredEventPhotoOperation.swift in Sources */ = {isa = PBXBuildFile; fileRef = 4CF915D1246AB81200C754BF /* FilteredEventPhotoOperation.swift */; };
		4CF9C5CC2461F9E5000BF914 /* ApolloController.swift in Sources */ = {isa = PBXBuildFile; fileRef = 4CF9C5CB2461F9E5000BF914 /* ApolloController.swift */; };
		EF51CC4B23A83E4300FF4E62 /* Login.storyboard in Resources */ = {isa = PBXBuildFile; fileRef = EF51CC4A23A83E4300FF4E62 /* Login.storyboard */; };
		EF51CC4D23A83FF900FF4E62 /* LoginViewController.swift in Sources */ = {isa = PBXBuildFile; fileRef = EF51CC4C23A83FF900FF4E62 /* LoginViewController.swift */; };
/* End PBXBuildFile section */

/* Begin PBXContainerItemProxy section */
		0E73089123C69147006B5326 /* PBXContainerItemProxy */ = {
			isa = PBXContainerItemProxy;
			containerPortal = 0EB19D4823A82C5B00640A40 /* Project object */;
			proxyType = 1;
			remoteGlobalIDString = 0EB19D4F23A82C5B00640A40;
			remoteInfo = "Community Calendar";
		};
/* End PBXContainerItemProxy section */

/* Begin PBXFileReference section */
		0E0817CD23E8B1B70010532D /* MessageTableViewCell.swift */ = {isa = PBXFileReference; lastKnownFileType = sourcecode.swift; path = MessageTableViewCell.swift; sourceTree = "<group>"; };
		0E09806623E20D2C000110AB /* Events.storyboard */ = {isa = PBXFileReference; lastKnownFileType = file.storyboard; path = Events.storyboard; sourceTree = "<group>"; };
		0E09806823E20DB1000110AB /* EventDetail.storyboard */ = {isa = PBXFileReference; lastKnownFileType = file.storyboard; path = EventDetail.storyboard; sourceTree = "<group>"; };
		0E09806A23E2A526000110AB /* SearchController.swift */ = {isa = PBXFileReference; lastKnownFileType = sourcecode.swift; path = SearchController.swift; sourceTree = "<group>"; };
		0E09806C23E2A983000110AB /* RecentSearchesTableViewCell.swift */ = {isa = PBXFileReference; lastKnownFileType = sourcecode.swift; path = RecentSearchesTableViewCell.swift; sourceTree = "<group>"; };
		0E2B119423ECE53E0072E72E /* UserDefaults+Extension.swift */ = {isa = PBXFileReference; lastKnownFileType = sourcecode.swift; path = "UserDefaults+Extension.swift"; sourceTree = "<group>"; };
		0E2B119623ED0FCB0072E72E /* SearchView.swift */ = {isa = PBXFileReference; lastKnownFileType = sourcecode.swift; path = SearchView.swift; sourceTree = "<group>"; };
		0E2E723023EA4082006F94D3 /* JWT+Extension.swift */ = {isa = PBXFileReference; lastKnownFileType = sourcecode.swift; path = "JWT+Extension.swift"; sourceTree = "<group>"; };
		0E2E723223EA5A47006F94D3 /* UIButton+Extension.swift */ = {isa = PBXFileReference; lastKnownFileType = sourcecode.swift; path = "UIButton+Extension.swift"; sourceTree = "<group>"; };
		0E73088C23C69147006B5326 /* Community Calendar Tests.xctest */ = {isa = PBXFileReference; explicitFileType = wrapper.cfbundle; includeInIndex = 0; path = "Community Calendar Tests.xctest"; sourceTree = BUILT_PRODUCTS_DIR; };
		0E73088E23C69147006B5326 /* EventControllerTests.swift */ = {isa = PBXFileReference; lastKnownFileType = sourcecode.swift; path = EventControllerTests.swift; sourceTree = "<group>"; };
		0E73089023C69147006B5326 /* Info.plist */ = {isa = PBXFileReference; lastKnownFileType = text.plist.xml; path = Info.plist; sourceTree = "<group>"; };
		0E7DD80823C8E844009843BE /* EventDetailViewController.swift */ = {isa = PBXFileReference; lastKnownFileType = sourcecode.swift; path = EventDetailViewController.swift; sourceTree = "<group>"; };
		0E7DD81D23CA4BAC009843BE /* ImageNotification.swift */ = {isa = PBXFileReference; lastKnownFileType = sourcecode.swift; path = ImageNotification.swift; sourceTree = "<group>"; };
		0E974A2D23C7EE6200CEE05D /* Butler-Bold.ttf */ = {isa = PBXFileReference; lastKnownFileType = file; path = "Butler-Bold.ttf"; sourceTree = "<group>"; };
		0E974A2F23C7EE8D00CEE05D /* Butler-Black.ttf */ = {isa = PBXFileReference; lastKnownFileType = file; path = "Butler-Black.ttf"; sourceTree = "<group>"; };
		0E974A3123C7EEB000CEE05D /* Butler-ExtraBold.ttf */ = {isa = PBXFileReference; lastKnownFileType = file; path = "Butler-ExtraBold.ttf"; sourceTree = "<group>"; };
		0E974A3323C7EF0700CEE05D /* Butler-Ultra-Light.ttf */ = {isa = PBXFileReference; lastKnownFileType = file; path = "Butler-Ultra-Light.ttf"; sourceTree = "<group>"; };
		0E974A3423C7EF1E00CEE05D /* Butler-Light.ttf */ = {isa = PBXFileReference; lastKnownFileType = file; path = "Butler-Light.ttf"; sourceTree = "<group>"; };
		0E974A3523C7EF3100CEE05D /* Butler-Regular.ttf */ = {isa = PBXFileReference; lastKnownFileType = file; path = "Butler-Regular.ttf"; sourceTree = "<group>"; };
		0E974A3623C7EF4000CEE05D /* Butler-Medium.ttf */ = {isa = PBXFileReference; lastKnownFileType = file; path = "Butler-Medium.ttf"; sourceTree = "<group>"; };
		0E9FDD4E23A8366D00FD75A0 /* Poppins-Light.ttf */ = {isa = PBXFileReference; lastKnownFileType = file; path = "Poppins-Light.ttf"; sourceTree = "<group>"; };
		0E9FDD4F23A8366D00FD75A0 /* Poppins-Italic.ttf */ = {isa = PBXFileReference; lastKnownFileType = file; path = "Poppins-Italic.ttf"; sourceTree = "<group>"; };
		0E9FDD5023A8366D00FD75A0 /* Poppins-Thin.ttf */ = {isa = PBXFileReference; lastKnownFileType = file; path = "Poppins-Thin.ttf"; sourceTree = "<group>"; };
		0E9FDD5123A8366D00FD75A0 /* Poppins-SemiBold.ttf */ = {isa = PBXFileReference; lastKnownFileType = file; path = "Poppins-SemiBold.ttf"; sourceTree = "<group>"; };
		0E9FDD5223A8366D00FD75A0 /* Poppins-ThinItalic.ttf */ = {isa = PBXFileReference; lastKnownFileType = file; path = "Poppins-ThinItalic.ttf"; sourceTree = "<group>"; };
		0E9FDD5323A8366D00FD75A0 /* Poppins-ExtraLightItalic.ttf */ = {isa = PBXFileReference; lastKnownFileType = file; path = "Poppins-ExtraLightItalic.ttf"; sourceTree = "<group>"; };
		0E9FDD5423A8366D00FD75A0 /* Poppins-MediumItalic.ttf */ = {isa = PBXFileReference; lastKnownFileType = file; path = "Poppins-MediumItalic.ttf"; sourceTree = "<group>"; };
		0E9FDD5523A8366E00FD75A0 /* Poppins-LightItalic.ttf */ = {isa = PBXFileReference; lastKnownFileType = file; path = "Poppins-LightItalic.ttf"; sourceTree = "<group>"; };
		0E9FDD5623A8366E00FD75A0 /* Poppins-BlackItalic.ttf */ = {isa = PBXFileReference; lastKnownFileType = file; path = "Poppins-BlackItalic.ttf"; sourceTree = "<group>"; };
		0E9FDD5723A8366E00FD75A0 /* Poppins-Black.ttf */ = {isa = PBXFileReference; lastKnownFileType = file; path = "Poppins-Black.ttf"; sourceTree = "<group>"; };
		0E9FDD5823A8366E00FD75A0 /* Poppins-SemiBoldItalic.ttf */ = {isa = PBXFileReference; lastKnownFileType = file; path = "Poppins-SemiBoldItalic.ttf"; sourceTree = "<group>"; };
		0E9FDD5923A8366E00FD75A0 /* Poppins-BoldItalic.ttf */ = {isa = PBXFileReference; lastKnownFileType = file; path = "Poppins-BoldItalic.ttf"; sourceTree = "<group>"; };
		0E9FDD5A23A8366E00FD75A0 /* Poppins-ExtraBold.ttf */ = {isa = PBXFileReference; lastKnownFileType = file; path = "Poppins-ExtraBold.ttf"; sourceTree = "<group>"; };
		0E9FDD5B23A8366E00FD75A0 /* Poppins-ExtraBoldItalic.ttf */ = {isa = PBXFileReference; lastKnownFileType = file; path = "Poppins-ExtraBoldItalic.ttf"; sourceTree = "<group>"; };
		0E9FDD5C23A8366E00FD75A0 /* Poppins-ExtraLight.ttf */ = {isa = PBXFileReference; lastKnownFileType = file; path = "Poppins-ExtraLight.ttf"; sourceTree = "<group>"; };
		0E9FDD5D23A8366E00FD75A0 /* Poppins-Medium.ttf */ = {isa = PBXFileReference; lastKnownFileType = file; path = "Poppins-Medium.ttf"; sourceTree = "<group>"; };
		0E9FDD5E23A8366E00FD75A0 /* Poppins-Bold.ttf */ = {isa = PBXFileReference; lastKnownFileType = file; path = "Poppins-Bold.ttf"; sourceTree = "<group>"; };
		0E9FDD5F23A8366F00FD75A0 /* Poppins-Regular.ttf */ = {isa = PBXFileReference; lastKnownFileType = file; path = "Poppins-Regular.ttf"; sourceTree = "<group>"; };
		0E9FDD7223A84FC100FD75A0 /* EventTableViewCell.swift */ = {isa = PBXFileReference; lastKnownFileType = sourcecode.swift; path = EventTableViewCell.swift; sourceTree = "<group>"; };
		0E9FDD7423A8567B00FD75A0 /* FeaturedCollectionViewCell.swift */ = {isa = PBXFileReference; lastKnownFileType = sourcecode.swift; path = FeaturedCollectionViewCell.swift; sourceTree = "<group>"; };
		0E9FDD7623A8574B00FD75A0 /* EventCollectionViewCell.swift */ = {isa = PBXFileReference; lastKnownFileType = sourcecode.swift; path = EventCollectionViewCell.swift; sourceTree = "<group>"; };
		0E9FDD7823A8600700FD75A0 /* Variables.swift */ = {isa = PBXFileReference; lastKnownFileType = sourcecode.swift; path = Variables.swift; sourceTree = "<group>"; };
		0EA9731D23EB228500085435 /* EventTabBarController.swift */ = {isa = PBXFileReference; lastKnownFileType = sourcecode.swift; path = EventTabBarController.swift; sourceTree = "<group>"; };
		0EA9731F23EB260500085435 /* EventViewController.swift */ = {isa = PBXFileReference; lastKnownFileType = sourcecode.swift; path = EventViewController.swift; sourceTree = "<group>"; };
		0EA9732123EB2E8700085435 /* EventNavController.swift */ = {isa = PBXFileReference; lastKnownFileType = sourcecode.swift; path = EventNavController.swift; sourceTree = "<group>"; };
		0EA9732323EB324200085435 /* Controller.swift */ = {isa = PBXFileReference; lastKnownFileType = sourcecode.swift; path = Controller.swift; sourceTree = "<group>"; };
		0EA9732523EB39B500085435 /* String+Extension.swift */ = {isa = PBXFileReference; lastKnownFileType = sourcecode.swift; path = "String+Extension.swift"; sourceTree = "<group>"; };
		0EB19D5023A82C5B00640A40 /* Community Calendar.app */ = {isa = PBXFileReference; explicitFileType = wrapper.application; includeInIndex = 0; path = "Community Calendar.app"; sourceTree = BUILT_PRODUCTS_DIR; };
		0EB19D5323A82C5B00640A40 /* AppDelegate.swift */ = {isa = PBXFileReference; lastKnownFileType = sourcecode.swift; path = AppDelegate.swift; sourceTree = "<group>"; };
		0EB19D5523A82C5B00640A40 /* SceneDelegate.swift */ = {isa = PBXFileReference; lastKnownFileType = sourcecode.swift; path = SceneDelegate.swift; sourceTree = "<group>"; };
		0EB19D5723A82C5B00640A40 /* HomeViewController.swift */ = {isa = PBXFileReference; lastKnownFileType = sourcecode.swift; path = HomeViewController.swift; sourceTree = "<group>"; };
		0EB19D5A23A82C5B00640A40 /* Base */ = {isa = PBXFileReference; lastKnownFileType = file.storyboard; name = Base; path = Base.lproj/Main.storyboard; sourceTree = "<group>"; };
		0EB19D5F23A82C6200640A40 /* Assets.xcassets */ = {isa = PBXFileReference; lastKnownFileType = folder.assetcatalog; path = Assets.xcassets; sourceTree = "<group>"; };
		0EB19D6223A82C6200640A40 /* Base */ = {isa = PBXFileReference; lastKnownFileType = file.storyboard; name = Base; path = Base.lproj/LaunchScreen.storyboard; sourceTree = "<group>"; };
		0EB19D6423A82C6200640A40 /* Info.plist */ = {isa = PBXFileReference; lastKnownFileType = text.plist.xml; path = Info.plist; sourceTree = "<group>"; };
		0EE2AC2223CE3B6C002B3EB4 /* Filter.storyboard */ = {isa = PBXFileReference; lastKnownFileType = file.storyboard; name = Filter.storyboard; path = "Community Calendar/Storyboards/Filter.storyboard"; sourceTree = SOURCE_ROOT; };
		0EE2AC2423CE7133002B3EB4 /* CustomPushAnimator.swift */ = {isa = PBXFileReference; lastKnownFileType = sourcecode.swift; path = CustomPushAnimator.swift; sourceTree = "<group>"; usesTabs = 0; };
		0EE2AC2623CE7233002B3EB4 /* CustomPopAnimator.swift */ = {isa = PBXFileReference; lastKnownFileType = sourcecode.swift; path = CustomPopAnimator.swift; sourceTree = "<group>"; };
		0EE2AC2823CF5142002B3EB4 /* FilterViewController.swift */ = {isa = PBXFileReference; lastKnownFileType = sourcecode.swift; path = FilterViewController.swift; sourceTree = "<group>"; };
		0EE2AC2A23CFFA0D002B3EB4 /* UIDevice+Extension.swift */ = {isa = PBXFileReference; lastKnownFileType = sourcecode.swift; path = "UIDevice+Extension.swift"; sourceTree = "<group>"; };
		0EE2AC2C23CFFA4A002B3EB4 /* UIColor+Extension.swift */ = {isa = PBXFileReference; lastKnownFileType = sourcecode.swift; path = "UIColor+Extension.swift"; sourceTree = "<group>"; };
		0EE2AC2E23CFFA71002B3EB4 /* Notification.Name+Extension.swift */ = {isa = PBXFileReference; lastKnownFileType = sourcecode.swift; path = "Notification.Name+Extension.swift"; sourceTree = "<group>"; };
		0EE2AC3023CFFB2C002B3EB4 /* Functions.swift */ = {isa = PBXFileReference; lastKnownFileType = sourcecode.swift; path = Functions.swift; sourceTree = "<group>"; };
		0EE2AC3223D0FD76002B3EB4 /* TagCollectionViewCell.swift */ = {isa = PBXFileReference; lastKnownFileType = sourcecode.swift; path = TagCollectionViewCell.swift; sourceTree = "<group>"; };
		0EE307A623AC53470045EFD1 /* Community_Calendar.xcdatamodel */ = {isa = PBXFileReference; lastKnownFileType = wrapper.xcdatamodel; path = Community_Calendar.xcdatamodel; sourceTree = "<group>"; };
		0EE307A723AC53470045EFD1 /* Event.swift */ = {isa = PBXFileReference; fileEncoding = 4; lastKnownFileType = sourcecode.swift; path = Event.swift; sourceTree = "<group>"; };
		0EF6DDE323DF479400D8A91B /* Location.swift */ = {isa = PBXFileReference; lastKnownFileType = sourcecode.swift; path = Location.swift; sourceTree = "<group>"; };
		0EF6DDE523DF47AF00D8A91B /* Tag.swift */ = {isa = PBXFileReference; lastKnownFileType = sourcecode.swift; path = Tag.swift; sourceTree = "<group>"; };
		0EF6DDE723DF521600D8A91B /* Filter.swift */ = {isa = PBXFileReference; lastKnownFileType = sourcecode.swift; path = Filter.swift; sourceTree = "<group>"; };
		0EF6DDEC23DFFB7800D8A91B /* DropDownTextField.swift */ = {isa = PBXFileReference; lastKnownFileType = sourcecode.swift; path = DropDownTextField.swift; sourceTree = "<group>"; };
		0EF6DDEE23E0D94E00D8A91B /* Date+Extension.swift */ = {isa = PBXFileReference; lastKnownFileType = sourcecode.swift; path = "Date+Extension.swift"; sourceTree = "<group>"; };
		0EF6DDF423E1FE1600D8A91B /* SearchResults.storyboard */ = {isa = PBXFileReference; lastKnownFileType = file.storyboard; path = SearchResults.storyboard; sourceTree = "<group>"; };
		0EF6DDF723E200FC00D8A91B /* SearchResultViewController.swift */ = {isa = PBXFileReference; lastKnownFileType = sourcecode.swift; path = SearchResultViewController.swift; sourceTree = "<group>"; };
		1A87B8E824620E0900282274 /* UserProfileViewController.swift */ = {isa = PBXFileReference; fileEncoding = 4; lastKnownFileType = sourcecode.swift; path = UserProfileViewController.swift; sourceTree = "<group>"; };
		4576D26B245FB57A0032ACB2 /* EditProfileViewController.swift */ = {isa = PBXFileReference; lastKnownFileType = sourcecode.swift; path = EditProfileViewController.swift; sourceTree = "<group>"; };
		4C133D4C246D354F0029EC17 /* SettingsLauncher.swift */ = {isa = PBXFileReference; lastKnownFileType = sourcecode.swift; path = SettingsLauncher.swift; sourceTree = "<group>"; };
		4C1AEB18245B40F300BEECEF /* Okta.plist */ = {isa = PBXFileReference; lastKnownFileType = text.plist.xml; path = Okta.plist; sourceTree = "<group>"; };
		4C2317BA247D08B900CBC034 /* UIButton+Ext.swift */ = {isa = PBXFileReference; lastKnownFileType = sourcecode.swift; path = "UIButton+Ext.swift"; sourceTree = "<group>"; };
		4C2842F124693AF500178677 /* Apollo.swift */ = {isa = PBXFileReference; lastKnownFileType = sourcecode.swift; path = Apollo.swift; sourceTree = "<group>"; };
		4C2B2FD6247097090059A4D8 /* EditProfileView.swift */ = {isa = PBXFileReference; lastKnownFileType = sourcecode.swift; path = EditProfileView.swift; sourceTree = "<group>"; };
		4C305A10246A3DC900AB9164 /* FilteredEventDataSource.swift */ = {isa = PBXFileReference; lastKnownFileType = sourcecode.swift; path = FilteredEventDataSource.swift; sourceTree = "<group>"; };
		4C3674D324660B5E00C74C00 /* UserProfileVC.swift */ = {isa = PBXFileReference; lastKnownFileType = sourcecode.swift; path = UserProfileVC.swift; sourceTree = "<group>"; };
		4C3674D72466588D00C74C00 /* EventVC+CollectionView.swift */ = {isa = PBXFileReference; lastKnownFileType = sourcecode.swift; path = "EventVC+CollectionView.swift"; sourceTree = "<group>"; };
		4C3859C92460C2DB00ADBBB4 /* AuthController.swift */ = {isa = PBXFileReference; lastKnownFileType = sourcecode.swift; path = AuthController.swift; sourceTree = "<group>"; };
		4C4458BC247B7A7E00F4C99B /* UIView+GradientLayer.swift */ = {isa = PBXFileReference; lastKnownFileType = sourcecode.swift; path = "UIView+GradientLayer.swift"; sourceTree = "<group>"; };
		4C5287CF24717A440081B533 /* DateHeader.swift */ = {isa = PBXFileReference; lastKnownFileType = sourcecode.swift; path = DateHeader.swift; sourceTree = "<group>"; };
		4C6747D12453CEEB00AE768E /* DateCell.swift */ = {isa = PBXFileReference; lastKnownFileType = sourcecode.swift; path = DateCell.swift; sourceTree = "<group>"; };
		4C6747D32453D87400AE768E /* UIView+DropShadow.swift */ = {isa = PBXFileReference; lastKnownFileType = sourcecode.swift; path = "UIView+DropShadow.swift"; sourceTree = "<group>"; };
		4C69DD62246B1510006E0300 /* FetchUserIDQuery+Ext.swift */ = {isa = PBXFileReference; lastKnownFileType = sourcecode.swift; path = "FetchUserIDQuery+Ext.swift"; sourceTree = "<group>"; };
		4C69DD64246B18B3006E0300 /* FetchEvents+Ext.swift */ = {isa = PBXFileReference; lastKnownFileType = sourcecode.swift; path = "FetchEvents+Ext.swift"; sourceTree = "<group>"; };
		4C6D26D32472E3DD00D86284 /* UserEvents.swift */ = {isa = PBXFileReference; lastKnownFileType = sourcecode.swift; path = UserEvents.swift; sourceTree = "<group>"; };
		4C735F57244F7F61000BF5ED /* UIVIew+Constraints.swift */ = {isa = PBXFileReference; lastKnownFileType = sourcecode.swift; path = "UIVIew+Constraints.swift"; sourceTree = "<group>"; };
		4C92DEE024612BB70049CC78 /* schema.json */ = {isa = PBXFileReference; lastKnownFileType = text.json; path = schema.json; sourceTree = "<group>"; };
		4C92DEE1246139820049CC78 /* Events.graphql */ = {isa = PBXFileReference; lastKnownFileType = text; path = Events.graphql; sourceTree = "<group>"; };
		4C92DEE324613C330049CC78 /* API.swift */ = {isa = PBXFileReference; fileEncoding = 4; lastKnownFileType = sourcecode.swift; path = API.swift; sourceTree = "<group>"; };
		4C93BE9C2471259000A18404 /* ShiftableViewController.swift */ = {isa = PBXFileReference; lastKnownFileType = sourcecode.swift; path = ShiftableViewController.swift; sourceTree = "<group>"; };
		4C93BE9E2471260F00A18404 /* ShiftableView.swift */ = {isa = PBXFileReference; lastKnownFileType = sourcecode.swift; path = ShiftableView.swift; sourceTree = "<group>"; };
		4CAFBF8E246CF16200F3CB97 /* FetchUserIDQuery+SavedEvents.swift */ = {isa = PBXFileReference; lastKnownFileType = sourcecode.swift; path = "FetchUserIDQuery+SavedEvents.swift"; sourceTree = "<group>"; };
		4CAFBF90246CF18000F3CB97 /* FetchUserIDQuery+RSVPdEvents.swift */ = {isa = PBXFileReference; lastKnownFileType = sourcecode.swift; path = "FetchUserIDQuery+RSVPdEvents.swift"; sourceTree = "<group>"; };
		4CAFBF92246CFF6200F3CB97 /* User.swift */ = {isa = PBXFileReference; lastKnownFileType = sourcecode.swift; path = User.swift; sourceTree = "<group>"; };
		4CB27D682475119A006FA7AD /* Array+Extension.swift */ = {isa = PBXFileReference; lastKnownFileType = sourcecode.swift; path = "Array+Extension.swift"; sourceTree = "<group>"; };
		4CBB181124678D4400BDD233 /* UIViewController+UserInfoAlert.swift */ = {isa = PBXFileReference; lastKnownFileType = sourcecode.swift; path = "UIViewController+UserInfoAlert.swift"; sourceTree = "<group>"; };
		4CBB18132467B47200BDD233 /* HomeVC+Ext.swift */ = {isa = PBXFileReference; lastKnownFileType = sourcecode.swift; path = "HomeVC+Ext.swift"; sourceTree = "<group>"; };
		4CDBD11B2461C14E0026A539 /* UserUpdate.graphql */ = {isa = PBXFileReference; lastKnownFileType = text; path = UserUpdate.graphql; sourceTree = "<group>"; };
		4CDCE11E247285BF00224141 /* Creator.swift */ = {isa = PBXFileReference; lastKnownFileType = sourcecode.swift; path = Creator.swift; sourceTree = "<group>"; };
		4CE0D81A246E6AA700E048BC /* SettingCollectionViewCell.swift */ = {isa = PBXFileReference; lastKnownFileType = sourcecode.swift; path = SettingCollectionViewCell.swift; sourceTree = "<group>"; };
		4CE2E9362448F2EA005AA6B5 /* MyEventCollectionViewCell.swift */ = {isa = PBXFileReference; lastKnownFileType = sourcecode.swift; path = MyEventCollectionViewCell.swift; sourceTree = "<group>"; };
		4CE2E9382448FD83005AA6B5 /* UIImage+Decompression.swift */ = {isa = PBXFileReference; lastKnownFileType = sourcecode.swift; path = "UIImage+Decompression.swift"; sourceTree = "<group>"; };
		4CF915CF246AB7BC00C754BF /* ConcurrentOperations.swift */ = {isa = PBXFileReference; lastKnownFileType = sourcecode.swift; path = ConcurrentOperations.swift; sourceTree = "<group>"; };
		4CF915D1246AB81200C754BF /* FilteredEventPhotoOperation.swift */ = {isa = PBXFileReference; lastKnownFileType = sourcecode.swift; path = FilteredEventPhotoOperation.swift; sourceTree = "<group>"; };
		4CF915D3246AB98300C754BF /* Cache.swift */ = {isa = PBXFileReference; lastKnownFileType = sourcecode.swift; path = Cache.swift; sourceTree = "<group>"; };
		4CF9C5CB2461F9E5000BF914 /* ApolloController.swift */ = {isa = PBXFileReference; lastKnownFileType = sourcecode.swift; path = ApolloController.swift; sourceTree = "<group>"; };
		697EC073F22215ADC4D6BE6A /* Pods-Community Calendar.debug.xcconfig */ = {isa = PBXFileReference; includeInIndex = 1; lastKnownFileType = text.xcconfig; name = "Pods-Community Calendar.debug.xcconfig"; path = "Target Support Files/Pods-Community Calendar/Pods-Community Calendar.debug.xcconfig"; sourceTree = "<group>"; };
		81DB7E6484C7295F061C503B /* Pods-Community Calendar.release.xcconfig */ = {isa = PBXFileReference; includeInIndex = 1; lastKnownFileType = text.xcconfig; name = "Pods-Community Calendar.release.xcconfig"; path = "Target Support Files/Pods-Community Calendar/Pods-Community Calendar.release.xcconfig"; sourceTree = "<group>"; };
		97E2D03C6715BC8FE7CFA243 /* Pods_Community_Calendar.framework */ = {isa = PBXFileReference; explicitFileType = wrapper.framework; includeInIndex = 0; path = Pods_Community_Calendar.framework; sourceTree = BUILT_PRODUCTS_DIR; };
		EF51CC4A23A83E4300FF4E62 /* Login.storyboard */ = {isa = PBXFileReference; lastKnownFileType = file.storyboard; path = Login.storyboard; sourceTree = "<group>"; };
		EF51CC4C23A83FF900FF4E62 /* LoginViewController.swift */ = {isa = PBXFileReference; lastKnownFileType = sourcecode.swift; path = LoginViewController.swift; sourceTree = "<group>"; };
/* End PBXFileReference section */

/* Begin PBXFrameworksBuildPhase section */
		0E73088923C69147006B5326 /* Frameworks */ = {
			isa = PBXFrameworksBuildPhase;
			buildActionMask = 2147483647;
			files = (
			);
			runOnlyForDeploymentPostprocessing = 0;
		};
		0EB19D4D23A82C5B00640A40 /* Frameworks */ = {
			isa = PBXFrameworksBuildPhase;
			buildActionMask = 2147483647;
			files = (
				0EE4C32623A9795700774B82 /* Pods_Community_Calendar.framework in Frameworks */,
				4C468CE9246207C4004799E3 /* ApolloWebSocket in Frameworks */,
				4C468CE7246207C4004799E3 /* ApolloCodegenLib in Frameworks */,
				4C468CE5246207C4004799E3 /* Apollo in Frameworks */,
			);
			runOnlyForDeploymentPostprocessing = 0;
		};
/* End PBXFrameworksBuildPhase section */

/* Begin PBXGroup section */
		0E73088D23C69147006B5326 /* Community Calendar Tests */ = {
			isa = PBXGroup;
			children = (
				0E73088E23C69147006B5326 /* EventControllerTests.swift */,
				0E73089023C69147006B5326 /* Info.plist */,
			);
			path = "Community Calendar Tests";
			sourceTree = "<group>";
		};
		0E73089623C69BB0006B5326 /* Model Controller */ = {
			isa = PBXGroup;
			children = (
				0EA9732323EB324200085435 /* Controller.swift */,
				0E09806A23E2A526000110AB /* SearchController.swift */,
				4C3859C92460C2DB00ADBBB4 /* AuthController.swift */,
				4CF9C5CB2461F9E5000BF914 /* ApolloController.swift */,
				4C2842F124693AF500178677 /* Apollo.swift */,
			);
			path = "Model Controller";
			sourceTree = "<group>";
		};
		0E9FDD4D23A8363B00FD75A0 /* Fonts */ = {
			isa = PBXGroup;
			children = (
				0EE3078323AC31710045EFD1 /* Butler */,
				0EE3078223AC31450045EFD1 /* Poppins */,
			);
			path = Fonts;
			sourceTree = "<group>";
		};
		0EB19D4723A82C5B00640A40 = {
			isa = PBXGroup;
			children = (
				0EB19D5223A82C5B00640A40 /* Community Calendar */,
				0E73088D23C69147006B5326 /* Community Calendar Tests */,
				0EB19D5123A82C5B00640A40 /* Products */,
				AF02A3BECBE0CFBDE342171D /* Pods */,
				4B1C6C772E89C0E95EBE07DE /* Frameworks */,
			);
			sourceTree = "<group>";
		};
		0EB19D5123A82C5B00640A40 /* Products */ = {
			isa = PBXGroup;
			children = (
				0EB19D5023A82C5B00640A40 /* Community Calendar.app */,
				0E73088C23C69147006B5326 /* Community Calendar Tests.xctest */,
			);
			name = Products;
			sourceTree = "<group>";
		};
		0EB19D5223A82C5B00640A40 /* Community Calendar */ = {
			isa = PBXGroup;
			children = (
				4CF915CE246AB7A700C754BF /* Operations */,
				4C305A0F246A3DAD00AB9164 /* Data Source */,
				4C3674D224660B1F00C74C00 /* ViewControllerExtensions */,
				0EE3079D23AC52320045EFD1 /* Resources */,
				0EE3079E23AC527E0045EFD1 /* View Controllers */,
				0EE3079F23AC528D0045EFD1 /* Views */,
				0EE307A023AC52B60045EFD1 /* Storyboards */,
				0E73089623C69BB0006B5326 /* Model Controller */,
				0EE307AA23AC534A0045EFD1 /* Models */,
				0EE307AB23AC53680045EFD1 /* Helpers */,
				4C1AEB18245B40F300BEECEF /* Okta.plist */,
				4C92DEE324613C330049CC78 /* API.swift */,
				4CDBD11B2461C14E0026A539 /* UserUpdate.graphql */,
				4C92DEE1246139820049CC78 /* Events.graphql */,
				4C92DEE024612BB70049CC78 /* schema.json */,
			);
			path = "Community Calendar";
			sourceTree = "<group>";
		};
		0EE3078223AC31450045EFD1 /* Poppins */ = {
			isa = PBXGroup;
			children = (
				0E9FDD5723A8366E00FD75A0 /* Poppins-Black.ttf */,
				0E9FDD5623A8366E00FD75A0 /* Poppins-BlackItalic.ttf */,
				0E9FDD5E23A8366E00FD75A0 /* Poppins-Bold.ttf */,
				0E9FDD5923A8366E00FD75A0 /* Poppins-BoldItalic.ttf */,
				0E9FDD5A23A8366E00FD75A0 /* Poppins-ExtraBold.ttf */,
				0E9FDD5B23A8366E00FD75A0 /* Poppins-ExtraBoldItalic.ttf */,
				0E9FDD5C23A8366E00FD75A0 /* Poppins-ExtraLight.ttf */,
				0E9FDD5323A8366D00FD75A0 /* Poppins-ExtraLightItalic.ttf */,
				0E9FDD4F23A8366D00FD75A0 /* Poppins-Italic.ttf */,
				0E9FDD4E23A8366D00FD75A0 /* Poppins-Light.ttf */,
				0E9FDD5523A8366E00FD75A0 /* Poppins-LightItalic.ttf */,
				0E9FDD5D23A8366E00FD75A0 /* Poppins-Medium.ttf */,
				0E9FDD5423A8366D00FD75A0 /* Poppins-MediumItalic.ttf */,
				0E9FDD5F23A8366F00FD75A0 /* Poppins-Regular.ttf */,
				0E9FDD5123A8366D00FD75A0 /* Poppins-SemiBold.ttf */,
				0E9FDD5823A8366E00FD75A0 /* Poppins-SemiBoldItalic.ttf */,
				0E9FDD5023A8366D00FD75A0 /* Poppins-Thin.ttf */,
				0E9FDD5223A8366D00FD75A0 /* Poppins-ThinItalic.ttf */,
			);
			path = Poppins;
			sourceTree = "<group>";
		};
		0EE3078323AC31710045EFD1 /* Butler */ = {
			isa = PBXGroup;
			children = (
				0E974A2F23C7EE8D00CEE05D /* Butler-Black.ttf */,
				0E974A2D23C7EE6200CEE05D /* Butler-Bold.ttf */,
				0E974A3123C7EEB000CEE05D /* Butler-ExtraBold.ttf */,
				0E974A3423C7EF1E00CEE05D /* Butler-Light.ttf */,
				0E974A3623C7EF4000CEE05D /* Butler-Medium.ttf */,
				0E974A3523C7EF3100CEE05D /* Butler-Regular.ttf */,
				0E974A3323C7EF0700CEE05D /* Butler-Ultra-Light.ttf */,
			);
			path = Butler;
			sourceTree = "<group>";
		};
		0EE3079D23AC52320045EFD1 /* Resources */ = {
			isa = PBXGroup;
			children = (
				0EB19D5523A82C5B00640A40 /* SceneDelegate.swift */,
				0EB19D5323A82C5B00640A40 /* AppDelegate.swift */,
				0EB19D5F23A82C6200640A40 /* Assets.xcassets */,
				0EB19D6423A82C6200640A40 /* Info.plist */,
				0E9FDD4D23A8363B00FD75A0 /* Fonts */,
			);
			path = Resources;
			sourceTree = "<group>";
		};
		0EE3079E23AC527E0045EFD1 /* View Controllers */ = {
			isa = PBXGroup;
			children = (
				0EB19D5723A82C5B00640A40 /* HomeViewController.swift */,
				EF51CC4C23A83FF900FF4E62 /* LoginViewController.swift */,
				1A87B8E824620E0900282274 /* UserProfileViewController.swift */,
				0EE2AC2823CF5142002B3EB4 /* FilterViewController.swift */,
				0E7DD80823C8E844009843BE /* EventDetailViewController.swift */,
				0EF6DDF723E200FC00D8A91B /* SearchResultViewController.swift */,
				0EA9731D23EB228500085435 /* EventTabBarController.swift */,
				0EA9731F23EB260500085435 /* EventViewController.swift */,
				0EA9732123EB2E8700085435 /* EventNavController.swift */,
				4576D26B245FB57A0032ACB2 /* EditProfileViewController.swift */,
				4C133D4C246D354F0029EC17 /* SettingsLauncher.swift */,
			);
			path = "View Controllers";
			sourceTree = "<group>";
		};
		0EE3079F23AC528D0045EFD1 /* Views */ = {
			isa = PBXGroup;
			children = (
				0E2B119623ED0FCB0072E72E /* SearchView.swift */,
				0E9FDD7423A8567B00FD75A0 /* FeaturedCollectionViewCell.swift */,
				0E9FDD7623A8574B00FD75A0 /* EventCollectionViewCell.swift */,
				0E9FDD7223A84FC100FD75A0 /* EventTableViewCell.swift */,
				0EE2AC3223D0FD76002B3EB4 /* TagCollectionViewCell.swift */,
				0E09806C23E2A983000110AB /* RecentSearchesTableViewCell.swift */,
				0E0817CD23E8B1B70010532D /* MessageTableViewCell.swift */,
				0EF6DDEC23DFFB7800D8A91B /* DropDownTextField.swift */,
				4CE2E9362448F2EA005AA6B5 /* MyEventCollectionViewCell.swift */,
				4C6747D12453CEEB00AE768E /* DateCell.swift */,
				4CE0D81A246E6AA700E048BC /* SettingCollectionViewCell.swift */,
				4C2B2FD6247097090059A4D8 /* EditProfileView.swift */,
				4C5287CF24717A440081B533 /* DateHeader.swift */,
			);
			path = Views;
			sourceTree = "<group>";
		};
		0EE307A023AC52B60045EFD1 /* Storyboards */ = {
			isa = PBXGroup;
			children = (
				0EB19D5923A82C5B00640A40 /* Main.storyboard */,
				0E09806623E20D2C000110AB /* Events.storyboard */,
				EF51CC4A23A83E4300FF4E62 /* Login.storyboard */,
				0EE2AC2223CE3B6C002B3EB4 /* Filter.storyboard */,
				0E09806823E20DB1000110AB /* EventDetail.storyboard */,
				0EF6DDF423E1FE1600D8A91B /* SearchResults.storyboard */,
				0EB19D6123A82C6200640A40 /* LaunchScreen.storyboard */,
			);
			path = Storyboards;
			sourceTree = "<group>";
		};
		0EE307AA23AC534A0045EFD1 /* Models */ = {
			isa = PBXGroup;
			children = (
				0EE307A523AC53470045EFD1 /* Community_Calendar.xcdatamodeld */,
				0EE307A723AC53470045EFD1 /* Event.swift */,
				0EF6DDE323DF479400D8A91B /* Location.swift */,
				0EF6DDE523DF47AF00D8A91B /* Tag.swift */,
				0EF6DDE723DF521600D8A91B /* Filter.swift */,
				0E7DD81D23CA4BAC009843BE /* ImageNotification.swift */,
				0EE2AC2423CE7133002B3EB4 /* CustomPushAnimator.swift */,
				4CF915D3246AB98300C754BF /* Cache.swift */,
				0EE2AC2623CE7233002B3EB4 /* CustomPopAnimator.swift */,
				4C69DD64246B18B3006E0300 /* FetchEvents+Ext.swift */,
				4C69DD62246B1510006E0300 /* FetchUserIDQuery+Ext.swift */,
				4CAFBF90246CF18000F3CB97 /* FetchUserIDQuery+RSVPdEvents.swift */,
				4CAFBF8E246CF16200F3CB97 /* FetchUserIDQuery+SavedEvents.swift */,
				4CAFBF92246CFF6200F3CB97 /* User.swift */,
				4CDCE11E247285BF00224141 /* Creator.swift */,
				4C6D26D32472E3DD00D86284 /* UserEvents.swift */,
			);
			path = Models;
			sourceTree = "<group>";
		};
		0EE307AB23AC53680045EFD1 /* Helpers */ = {
			isa = PBXGroup;
			children = (
				0E9FDD7823A8600700FD75A0 /* Variables.swift */,
				0EE2AC3023CFFB2C002B3EB4 /* Functions.swift */,
				0EE2AC2E23CFFA71002B3EB4 /* Notification.Name+Extension.swift */,
				0E2B119423ECE53E0072E72E /* UserDefaults+Extension.swift */,
				0EE2AC2C23CFFA4A002B3EB4 /* UIColor+Extension.swift */,
				0EE2AC2A23CFFA0D002B3EB4 /* UIDevice+Extension.swift */,
				0EF6DDEE23E0D94E00D8A91B /* Date+Extension.swift */,
				0E2E723023EA4082006F94D3 /* JWT+Extension.swift */,
				4CE2E9382448FD83005AA6B5 /* UIImage+Decompression.swift */,
				0E2E723223EA5A47006F94D3 /* UIButton+Extension.swift */,
				0EA9732523EB39B500085435 /* String+Extension.swift */,
				4C735F57244F7F61000BF5ED /* UIVIew+Constraints.swift */,
				4C6747D32453D87400AE768E /* UIView+DropShadow.swift */,
				4CBB181124678D4400BDD233 /* UIViewController+UserInfoAlert.swift */,
				4C93BE9C2471259000A18404 /* ShiftableViewController.swift */,
				4C93BE9E2471260F00A18404 /* ShiftableView.swift */,
				4CB27D682475119A006FA7AD /* Array+Extension.swift */,
				4C4458BC247B7A7E00F4C99B /* UIView+GradientLayer.swift */,
				4C2317BA247D08B900CBC034 /* UIButton+Ext.swift */,
			);
			path = Helpers;
			sourceTree = "<group>";
		};
		4B1C6C772E89C0E95EBE07DE /* Frameworks */ = {
			isa = PBXGroup;
			children = (
				97E2D03C6715BC8FE7CFA243 /* Pods_Community_Calendar.framework */,
			);
			name = Frameworks;
			sourceTree = "<group>";
		};
		4C305A0F246A3DAD00AB9164 /* Data Source */ = {
			isa = PBXGroup;
			children = (
				4C305A10246A3DC900AB9164 /* FilteredEventDataSource.swift */,
			);
			path = "Data Source";
			sourceTree = "<group>";
		};
		4C3674D224660B1F00C74C00 /* ViewControllerExtensions */ = {
			isa = PBXGroup;
			children = (
				4C3674D324660B5E00C74C00 /* UserProfileVC.swift */,
				4C3674D72466588D00C74C00 /* EventVC+CollectionView.swift */,
				4CBB18132467B47200BDD233 /* HomeVC+Ext.swift */,
			);
			path = ViewControllerExtensions;
			sourceTree = "<group>";
		};
		4CF915CE246AB7A700C754BF /* Operations */ = {
			isa = PBXGroup;
			children = (
				4CF915CF246AB7BC00C754BF /* ConcurrentOperations.swift */,
				4CF915D1246AB81200C754BF /* FilteredEventPhotoOperation.swift */,
			);
			path = Operations;
			sourceTree = "<group>";
		};
		AF02A3BECBE0CFBDE342171D /* Pods */ = {
			isa = PBXGroup;
			children = (
				697EC073F22215ADC4D6BE6A /* Pods-Community Calendar.debug.xcconfig */,
				81DB7E6484C7295F061C503B /* Pods-Community Calendar.release.xcconfig */,
			);
			path = Pods;
			sourceTree = "<group>";
		};
/* End PBXGroup section */

/* Begin PBXNativeTarget section */
		0E73088B23C69147006B5326 /* Community Calendar Tests */ = {
			isa = PBXNativeTarget;
			buildConfigurationList = 0E73089523C69147006B5326 /* Build configuration list for PBXNativeTarget "Community Calendar Tests" */;
			buildPhases = (
				0E73088823C69147006B5326 /* Sources */,
				0E73088923C69147006B5326 /* Frameworks */,
				0E73088A23C69147006B5326 /* Resources */,
			);
			buildRules = (
			);
			dependencies = (
				0E73089223C69147006B5326 /* PBXTargetDependency */,
			);
			name = "Community Calendar Tests";
			productName = "Community Calendar Tests";
			productReference = 0E73088C23C69147006B5326 /* Community Calendar Tests.xctest */;
			productType = "com.apple.product-type.bundle.unit-test";
		};
		0EB19D4F23A82C5B00640A40 /* Community Calendar */ = {
			isa = PBXNativeTarget;
			buildConfigurationList = 0EB19D6723A82C6200640A40 /* Build configuration list for PBXNativeTarget "Community Calendar" */;
			buildPhases = (
				CEF666C48F8201A5AA28069C /* [CP] Check Pods Manifest.lock */,
				4C8926662460DA8B00AE6D12 /* Generate Apollo GraphQL API */,
				0EB19D4C23A82C5B00640A40 /* Sources */,
				0EB19D4D23A82C5B00640A40 /* Frameworks */,
				0EB19D4E23A82C5B00640A40 /* Resources */,
				FA21C7BAA215A9B4C3B0E048 /* [CP] Embed Pods Frameworks */,
			);
			buildRules = (
			);
			dependencies = (
			);
			name = "Community Calendar";
			packageProductDependencies = (
				4C468CE4246207C4004799E3 /* Apollo */,
				4C468CE6246207C4004799E3 /* ApolloCodegenLib */,
				4C468CE8246207C4004799E3 /* ApolloWebSocket */,
			);
			productName = "Community Calendar";
			productReference = 0EB19D5023A82C5B00640A40 /* Community Calendar.app */;
			productType = "com.apple.product-type.application";
		};
/* End PBXNativeTarget section */

/* Begin PBXProject section */
		0EB19D4823A82C5B00640A40 /* Project object */ = {
			isa = PBXProject;
			attributes = {
				LastSwiftUpdateCheck = 1130;
				LastUpgradeCheck = 1130;
				ORGANIZATIONNAME = "Mazjap Co";
				TargetAttributes = {
					0E73088B23C69147006B5326 = {
						CreatedOnToolsVersion = 11.3;
						TestTargetID = 0EB19D4F23A82C5B00640A40;
					};
					0EB19D4F23A82C5B00640A40 = {
						CreatedOnToolsVersion = 11.3;
					};
				};
			};
			buildConfigurationList = 0EB19D4B23A82C5B00640A40 /* Build configuration list for PBXProject "Community Calendar" */;
			compatibilityVersion = "Xcode 9.3";
			developmentRegion = en;
			hasScannedForEncodings = 0;
			knownRegions = (
				en,
				Base,
			);
			mainGroup = 0EB19D4723A82C5B00640A40;
			packageReferences = (
				4C468CE3246207C4004799E3 /* XCRemoteSwiftPackageReference "apollo-ios" */,
			);
			productRefGroup = 0EB19D5123A82C5B00640A40 /* Products */;
			projectDirPath = "";
			projectRoot = "";
			targets = (
				0EB19D4F23A82C5B00640A40 /* Community Calendar */,
				0E73088B23C69147006B5326 /* Community Calendar Tests */,
			);
		};
/* End PBXProject section */

/* Begin PBXResourcesBuildPhase section */
		0E73088A23C69147006B5326 /* Resources */ = {
			isa = PBXResourcesBuildPhase;
			buildActionMask = 2147483647;
			files = (
			);
			runOnlyForDeploymentPostprocessing = 0;
		};
		0EB19D4E23A82C5B00640A40 /* Resources */ = {
			isa = PBXResourcesBuildPhase;
			buildActionMask = 2147483647;
			files = (
				EF51CC4B23A83E4300FF4E62 /* Login.storyboard in Resources */,
				4C92DEE2246139820049CC78 /* Events.graphql in Resources */,
				0EB19D6323A82C6200640A40 /* LaunchScreen.storyboard in Resources */,
				0E9FDD6423A8366F00FD75A0 /* Poppins-ThinItalic.ttf in Resources */,
				0E9FDD6323A8366F00FD75A0 /* Poppins-SemiBold.ttf in Resources */,
				0E9FDD6A23A8366F00FD75A0 /* Poppins-SemiBoldItalic.ttf in Resources */,
				0E974A2E23C7EE6200CEE05D /* Butler-Bold.ttf in Resources */,
				0E974A3223C7EEB000CEE05D /* Butler-ExtraBold.ttf in Resources */,
				0E09806723E20D2C000110AB /* Events.storyboard in Resources */,
				0E09806923E20DB1000110AB /* EventDetail.storyboard in Resources */,
				0E9FDD6923A8366F00FD75A0 /* Poppins-Black.ttf in Resources */,
				0E9FDD6523A8366F00FD75A0 /* Poppins-ExtraLightItalic.ttf in Resources */,
				0E9FDD6823A8366F00FD75A0 /* Poppins-BlackItalic.ttf in Resources */,
				0E9FDD7023A8366F00FD75A0 /* Poppins-Bold.ttf in Resources */,
				0EB19D6023A82C6200640A40 /* Assets.xcassets in Resources */,
				0EF6DDF523E1FE1600D8A91B /* SearchResults.storyboard in Resources */,
				0E9FDD7123A8366F00FD75A0 /* Poppins-Regular.ttf in Resources */,
				0EB19D5B23A82C5B00640A40 /* Main.storyboard in Resources */,
				0E9FDD6B23A8366F00FD75A0 /* Poppins-BoldItalic.ttf in Resources */,
				0E9FDD6223A8366F00FD75A0 /* Poppins-Thin.ttf in Resources */,
				0E9FDD6123A8366F00FD75A0 /* Poppins-Italic.ttf in Resources */,
				4CDBD11C2461C14E0026A539 /* UserUpdate.graphql in Resources */,
				0E974A3723C7EF4000CEE05D /* Butler-Ultra-Light.ttf in Resources */,
				0E974A3823C7EF4000CEE05D /* Butler-Light.ttf in Resources */,
				0E974A3023C7EE8D00CEE05D /* Butler-Black.ttf in Resources */,
				0E9FDD6E23A8366F00FD75A0 /* Poppins-ExtraLight.ttf in Resources */,
				0E9FDD6C23A8366F00FD75A0 /* Poppins-ExtraBold.ttf in Resources */,
				4C1AEB19245B40F300BEECEF /* Okta.plist in Resources */,
				0E9FDD6F23A8366F00FD75A0 /* Poppins-Medium.ttf in Resources */,
				0E9FDD6023A8366F00FD75A0 /* Poppins-Light.ttf in Resources */,
				0E974A3A23C7EF4000CEE05D /* Butler-Medium.ttf in Resources */,
				0E974A3923C7EF4000CEE05D /* Butler-Regular.ttf in Resources */,
				0EE2AC2323CE3B6C002B3EB4 /* Filter.storyboard in Resources */,
				0E9FDD6623A8366F00FD75A0 /* Poppins-MediumItalic.ttf in Resources */,
				0E9FDD6723A8366F00FD75A0 /* Poppins-LightItalic.ttf in Resources */,
				0E9FDD6D23A8366F00FD75A0 /* Poppins-ExtraBoldItalic.ttf in Resources */,
			);
			runOnlyForDeploymentPostprocessing = 0;
		};
/* End PBXResourcesBuildPhase section */

/* Begin PBXShellScriptBuildPhase section */
		4C8926662460DA8B00AE6D12 /* Generate Apollo GraphQL API */ = {
			isa = PBXShellScriptBuildPhase;
			buildActionMask = 2147483647;
			files = (
			);
			inputFileListPaths = (
			);
			inputPaths = (
			);
			name = "Generate Apollo GraphQL API";
			outputFileListPaths = (
			);
			outputPaths = (
			);
			runOnlyForDeploymentPostprocessing = 0;
			shellPath = /bin/sh;
			shellScript = "# Go to the build root and search up the chain to find the Derived Data Path where the source packages are checked out.\nDERIVED_DATA_CANDIDATE=\"${BUILD_ROOT}\"\n\nwhile ! [ -d \"${DERIVED_DATA_CANDIDATE}/SourcePackages\" ]; do\n  if [ \"${DERIVED_DATA_CANDIDATE}\" = / ]; then\n    echo >&2 \"error: Unable to locate SourcePackages directory from BUILD_ROOT: '${BUILD_ROOT}'\"\n    exit 1\n  fi\n\n  DERIVED_DATA_CANDIDATE=\"$(dirname \"${DERIVED_DATA_CANDIDATE}\")\"\ndone\n\n# Grab a reference to the directory where scripts are checked out\nSCRIPT_PATH=\"${DERIVED_DATA_CANDIDATE}/SourcePackages/checkouts/apollo-ios/scripts\"\n\nif [ -z \"${SCRIPT_PATH}\" ]; then\n    echo >&2 \"error: Couldn't find the CLI script in your checked out SPM packages; make sure to add the framework to your project.\"\n    exit 1\nfi\n\ncd \"${SRCROOT}/${TARGET_NAME}\"\n\"${SCRIPT_PATH}\"/run-bundled-codegen.sh codegen:generate --target=swift --includes=./**/*.graphql --localSchemaFile=\"schema.json\" API.swift\n";
		};
		CEF666C48F8201A5AA28069C /* [CP] Check Pods Manifest.lock */ = {
			isa = PBXShellScriptBuildPhase;
			buildActionMask = 2147483647;
			files = (
			);
			inputFileListPaths = (
			);
			inputPaths = (
				"${PODS_PODFILE_DIR_PATH}/Podfile.lock",
				"${PODS_ROOT}/Manifest.lock",
			);
			name = "[CP] Check Pods Manifest.lock";
			outputFileListPaths = (
			);
			outputPaths = (
				"$(DERIVED_FILE_DIR)/Pods-Community Calendar-checkManifestLockResult.txt",
			);
			runOnlyForDeploymentPostprocessing = 0;
			shellPath = /bin/sh;
			shellScript = "diff \"${PODS_PODFILE_DIR_PATH}/Podfile.lock\" \"${PODS_ROOT}/Manifest.lock\" > /dev/null\nif [ $? != 0 ] ; then\n    # print error to STDERR\n    echo \"error: The sandbox is not in sync with the Podfile.lock. Run 'pod install' or update your CocoaPods installation.\" >&2\n    exit 1\nfi\n# This output is used by Xcode 'outputs' to avoid re-running this script phase.\necho \"SUCCESS\" > \"${SCRIPT_OUTPUT_FILE_0}\"\n";
			showEnvVarsInLog = 0;
		};
		FA21C7BAA215A9B4C3B0E048 /* [CP] Embed Pods Frameworks */ = {
			isa = PBXShellScriptBuildPhase;
			buildActionMask = 2147483647;
			files = (
			);
			inputFileListPaths = (
				"${PODS_ROOT}/Target Support Files/Pods-Community Calendar/Pods-Community Calendar-frameworks-${CONFIGURATION}-input-files.xcfilelist",
			);
			name = "[CP] Embed Pods Frameworks";
			outputFileListPaths = (
				"${PODS_ROOT}/Target Support Files/Pods-Community Calendar/Pods-Community Calendar-frameworks-${CONFIGURATION}-output-files.xcfilelist",
			);
			runOnlyForDeploymentPostprocessing = 0;
			shellPath = /bin/sh;
			shellScript = "\"${PODS_ROOT}/Target Support Files/Pods-Community Calendar/Pods-Community Calendar-frameworks.sh\"\n";
			showEnvVarsInLog = 0;
		};
/* End PBXShellScriptBuildPhase section */

/* Begin PBXSourcesBuildPhase section */
		0E73088823C69147006B5326 /* Sources */ = {
			isa = PBXSourcesBuildPhase;
			buildActionMask = 2147483647;
			files = (
				4C92DEE524613C330049CC78 /* API.swift in Sources */,
				0E73088F23C69147006B5326 /* EventControllerTests.swift in Sources */,
			);
			runOnlyForDeploymentPostprocessing = 0;
		};
		0EB19D4C23A82C5B00640A40 /* Sources */ = {
			isa = PBXSourcesBuildPhase;
			buildActionMask = 2147483647;
			files = (
				4CD8683D246ABD2B00CF50AD /* Cache.swift in Sources */,
				0EE2AC2F23CFFA71002B3EB4 /* Notification.Name+Extension.swift in Sources */,
				0E09806B23E2A526000110AB /* SearchController.swift in Sources */,
				0E7DD81E23CA4BAC009843BE /* ImageNotification.swift in Sources */,
				0E2E723323EA5A47006F94D3 /* UIButton+Extension.swift in Sources */,
				4CB27D692475119A006FA7AD /* Array+Extension.swift in Sources */,
				0EB19D5823A82C5B00640A40 /* HomeViewController.swift in Sources */,
				4C4458BD247B7A7E00F4C99B /* UIView+GradientLayer.swift in Sources */,
				0EA9732023EB260500085435 /* EventViewController.swift in Sources */,
				0EF6DDED23DFFB7800D8A91B /* DropDownTextField.swift in Sources */,
				0EE307A923AC53470045EFD1 /* Event.swift in Sources */,
				4576D26C245FB57A0032ACB2 /* EditProfileViewController.swift in Sources */,
				4CE0D81B246E6AA700E048BC /* SettingCollectionViewCell.swift in Sources */,
				4C2317BB247D08B900CBC034 /* UIButton+Ext.swift in Sources */,
				0E9FDD7923A8600700FD75A0 /* Variables.swift in Sources */,
				0E2B119723ED0FCC0072E72E /* SearchView.swift in Sources */,
				0EE2AC3323D0FD77002B3EB4 /* TagCollectionViewCell.swift in Sources */,
				1A87B8EA24620E0900282274 /* UserProfileViewController.swift in Sources */,
				4CF9C5CC2461F9E5000BF914 /* ApolloController.swift in Sources */,
				4CAFBF91246CF18000F3CB97 /* FetchUserIDQuery+RSVPdEvents.swift in Sources */,
				4C2B2FD7247097090059A4D8 /* EditProfileView.swift in Sources */,
				0EF6DDE623DF47AF00D8A91B /* Tag.swift in Sources */,
				4CF915D0246AB7BC00C754BF /* ConcurrentOperations.swift in Sources */,
				4C6747D22453CEEB00AE768E /* DateCell.swift in Sources */,
				0E9FDD7723A8574B00FD75A0 /* EventCollectionViewCell.swift in Sources */,
				0E2E723123EA4082006F94D3 /* JWT+Extension.swift in Sources */,
				4C3674D424660B5E00C74C00 /* UserProfileVC.swift in Sources */,
				0EA9732223EB2E8700085435 /* EventNavController.swift in Sources */,
				0EF6DDE423DF479400D8A91B /* Location.swift in Sources */,
				0EE2AC2B23CFFA0D002B3EB4 /* UIDevice+Extension.swift in Sources */,
				0EA9732623EB39B500085435 /* String+Extension.swift in Sources */,
				0EE2AC2523CE7133002B3EB4 /* CustomPushAnimator.swift in Sources */,
				4C735F58244F7F61000BF5ED /* UIVIew+Constraints.swift in Sources */,
				0E9FDD7523A8567B00FD75A0 /* FeaturedCollectionViewCell.swift in Sources */,
				4CDCE11F247285BF00224141 /* Creator.swift in Sources */,
				0EF6DDF823E200FC00D8A91B /* SearchResultViewController.swift in Sources */,
				0EB19D5423A82C5B00640A40 /* AppDelegate.swift in Sources */,
				4CAFBF93246CFF6200F3CB97 /* User.swift in Sources */,
				EF51CC4D23A83FF900FF4E62 /* LoginViewController.swift in Sources */,
				4CF915D2246AB81200C754BF /* FilteredEventPhotoOperation.swift in Sources */,
				0EE2AC2923CF5142002B3EB4 /* FilterViewController.swift in Sources */,
				4C92DEE424613C330049CC78 /* API.swift in Sources */,
				0EE2AC3123CFFB2C002B3EB4 /* Functions.swift in Sources */,
				4C3859CA2460C2DB00ADBBB4 /* AuthController.swift in Sources */,
				0EE307A823AC53470045EFD1 /* Community_Calendar.xcdatamodeld in Sources */,
				0E9FDD7323A84FC100FD75A0 /* EventTableViewCell.swift in Sources */,
				0EE2AC2723CE7233002B3EB4 /* CustomPopAnimator.swift in Sources */,
				0E09806D23E2A983000110AB /* RecentSearchesTableViewCell.swift in Sources */,
				4C93BE9F2471260F00A18404 /* ShiftableView.swift in Sources */,
				4C3674D82466588D00C74C00 /* EventVC+CollectionView.swift in Sources */,
				4C305A11246A3DC900AB9164 /* FilteredEventDataSource.swift in Sources */,
				4C133D4D246D354F0029EC17 /* SettingsLauncher.swift in Sources */,
				4CAFBF8F246CF16200F3CB97 /* FetchUserIDQuery+SavedEvents.swift in Sources */,
				4C69DD65246B18B3006E0300 /* FetchEvents+Ext.swift in Sources */,
				4C93BE9D2471259000A18404 /* ShiftableViewController.swift in Sources */,
				0E7DD80923C8E844009843BE /* EventDetailViewController.swift in Sources */,
				4CBB18142467B47200BDD233 /* HomeVC+Ext.swift in Sources */,
				0EF6DDE823DF521600D8A91B /* Filter.swift in Sources */,
				0EF6DDEF23E0D94F00D8A91B /* Date+Extension.swift in Sources */,
				0EA9732423EB324200085435 /* Controller.swift in Sources */,
				0E0817CE23E8B1B70010532D /* MessageTableViewCell.swift in Sources */,
				0EA9731E23EB228500085435 /* EventTabBarController.swift in Sources */,
				0EB19D5623A82C5B00640A40 /* SceneDelegate.swift in Sources */,
				0E2B119523ECE53E0072E72E /* UserDefaults+Extension.swift in Sources */,
				4C6747D42453D87400AE768E /* UIView+DropShadow.swift in Sources */,
				4CE2E9392448FD83005AA6B5 /* UIImage+Decompression.swift in Sources */,
				4C5287D024717A440081B533 /* DateHeader.swift in Sources */,
				4CBB181224678D4400BDD233 /* UIViewController+UserInfoAlert.swift in Sources */,
				4C6D26D42472E3DD00D86284 /* UserEvents.swift in Sources */,
				4CE2E9372448F2EA005AA6B5 /* MyEventCollectionViewCell.swift in Sources */,
				4C69DD63246B1510006E0300 /* FetchUserIDQuery+Ext.swift in Sources */,
				4C2842F224693AF500178677 /* Apollo.swift in Sources */,
				0EE2AC2D23CFFA4A002B3EB4 /* UIColor+Extension.swift in Sources */,
			);
			runOnlyForDeploymentPostprocessing = 0;
		};
/* End PBXSourcesBuildPhase section */

/* Begin PBXTargetDependency section */
		0E73089223C69147006B5326 /* PBXTargetDependency */ = {
			isa = PBXTargetDependency;
			target = 0EB19D4F23A82C5B00640A40 /* Community Calendar */;
			targetProxy = 0E73089123C69147006B5326 /* PBXContainerItemProxy */;
		};
/* End PBXTargetDependency section */

/* Begin PBXVariantGroup section */
		0EB19D5923A82C5B00640A40 /* Main.storyboard */ = {
			isa = PBXVariantGroup;
			children = (
				0EB19D5A23A82C5B00640A40 /* Base */,
			);
			name = Main.storyboard;
			sourceTree = "<group>";
		};
		0EB19D6123A82C6200640A40 /* LaunchScreen.storyboard */ = {
			isa = PBXVariantGroup;
			children = (
				0EB19D6223A82C6200640A40 /* Base */,
			);
			name = LaunchScreen.storyboard;
			sourceTree = "<group>";
		};
/* End PBXVariantGroup section */

/* Begin XCBuildConfiguration section */
		0E73089323C69147006B5326 /* Debug */ = {
			isa = XCBuildConfiguration;
			buildSettings = {
				BUNDLE_LOADER = "$(TEST_HOST)";
				CODE_SIGN_STYLE = Automatic;
				DEVELOPMENT_TEAM = HFR8F4BT7E;
				INFOPLIST_FILE = "Community Calendar Tests/Info.plist";
				LD_RUNPATH_SEARCH_PATHS = (
					"$(inherited)",
					"@executable_path/Frameworks",
					"@loader_path/Frameworks",
				);
				PRODUCT_BUNDLE_IDENTIFIER = "com.mazjap.Community-Calendar-Tests";
				PRODUCT_NAME = "$(TARGET_NAME)";
				SWIFT_VERSION = 5.0;
				TARGETED_DEVICE_FAMILY = "1,2";
				TEST_HOST = "$(BUILT_PRODUCTS_DIR)/Community Calendar.app/Community Calendar";
			};
			name = Debug;
		};
		0E73089423C69147006B5326 /* Release */ = {
			isa = XCBuildConfiguration;
			buildSettings = {
				BUNDLE_LOADER = "$(TEST_HOST)";
				CODE_SIGN_STYLE = Automatic;
				DEVELOPMENT_TEAM = HFR8F4BT7E;
				INFOPLIST_FILE = "Community Calendar Tests/Info.plist";
				LD_RUNPATH_SEARCH_PATHS = (
					"$(inherited)",
					"@executable_path/Frameworks",
					"@loader_path/Frameworks",
				);
				PRODUCT_BUNDLE_IDENTIFIER = "com.mazjap.Community-Calendar-Tests";
				PRODUCT_NAME = "$(TARGET_NAME)";
				SWIFT_VERSION = 5.0;
				TARGETED_DEVICE_FAMILY = "1,2";
				TEST_HOST = "$(BUILT_PRODUCTS_DIR)/Community Calendar.app/Community Calendar";
			};
			name = Release;
		};
		0EB19D6523A82C6200640A40 /* Debug */ = {
			isa = XCBuildConfiguration;
			buildSettings = {
				ALWAYS_SEARCH_USER_PATHS = NO;
				CLANG_ANALYZER_NONNULL = YES;
				CLANG_ANALYZER_NUMBER_OBJECT_CONVERSION = YES_AGGRESSIVE;
				CLANG_CXX_LANGUAGE_STANDARD = "gnu++14";
				CLANG_CXX_LIBRARY = "libc++";
				CLANG_ENABLE_MODULES = YES;
				CLANG_ENABLE_OBJC_ARC = YES;
				CLANG_ENABLE_OBJC_WEAK = YES;
				CLANG_WARN_BLOCK_CAPTURE_AUTORELEASING = YES;
				CLANG_WARN_BOOL_CONVERSION = YES;
				CLANG_WARN_COMMA = YES;
				CLANG_WARN_CONSTANT_CONVERSION = YES;
				CLANG_WARN_DEPRECATED_OBJC_IMPLEMENTATIONS = YES;
				CLANG_WARN_DIRECT_OBJC_ISA_USAGE = YES_ERROR;
				CLANG_WARN_DOCUMENTATION_COMMENTS = YES;
				CLANG_WARN_EMPTY_BODY = YES;
				CLANG_WARN_ENUM_CONVERSION = YES;
				CLANG_WARN_INFINITE_RECURSION = YES;
				CLANG_WARN_INT_CONVERSION = YES;
				CLANG_WARN_NON_LITERAL_NULL_CONVERSION = YES;
				CLANG_WARN_OBJC_IMPLICIT_RETAIN_SELF = YES;
				CLANG_WARN_OBJC_LITERAL_CONVERSION = YES;
				CLANG_WARN_OBJC_ROOT_CLASS = YES_ERROR;
				CLANG_WARN_RANGE_LOOP_ANALYSIS = YES;
				CLANG_WARN_STRICT_PROTOTYPES = YES;
				CLANG_WARN_SUSPICIOUS_MOVE = YES;
				CLANG_WARN_UNGUARDED_AVAILABILITY = YES_AGGRESSIVE;
				CLANG_WARN_UNREACHABLE_CODE = YES;
				CLANG_WARN__DUPLICATE_METHOD_MATCH = YES;
				COPY_PHASE_STRIP = NO;
				DEBUG_INFORMATION_FORMAT = dwarf;
				ENABLE_STRICT_OBJC_MSGSEND = YES;
				ENABLE_TESTABILITY = YES;
				GCC_C_LANGUAGE_STANDARD = gnu11;
				GCC_DYNAMIC_NO_PIC = NO;
				GCC_NO_COMMON_BLOCKS = YES;
				GCC_OPTIMIZATION_LEVEL = 0;
				GCC_PREPROCESSOR_DEFINITIONS = (
					"DEBUG=1",
					"$(inherited)",
				);
				GCC_WARN_64_TO_32_BIT_CONVERSION = YES;
				GCC_WARN_ABOUT_RETURN_TYPE = YES_ERROR;
				GCC_WARN_UNDECLARED_SELECTOR = YES;
				GCC_WARN_UNINITIALIZED_AUTOS = YES_AGGRESSIVE;
				GCC_WARN_UNUSED_FUNCTION = YES;
				GCC_WARN_UNUSED_VARIABLE = YES;
				IPHONEOS_DEPLOYMENT_TARGET = 13.2;
				MTL_ENABLE_DEBUG_INFO = INCLUDE_SOURCE;
				MTL_FAST_MATH = YES;
				ONLY_ACTIVE_ARCH = YES;
				SDKROOT = iphoneos;
				SWIFT_ACTIVE_COMPILATION_CONDITIONS = DEBUG;
				SWIFT_OPTIMIZATION_LEVEL = "-Onone";
			};
			name = Debug;
		};
		0EB19D6623A82C6200640A40 /* Release */ = {
			isa = XCBuildConfiguration;
			buildSettings = {
				ALWAYS_SEARCH_USER_PATHS = NO;
				CLANG_ANALYZER_NONNULL = YES;
				CLANG_ANALYZER_NUMBER_OBJECT_CONVERSION = YES_AGGRESSIVE;
				CLANG_CXX_LANGUAGE_STANDARD = "gnu++14";
				CLANG_CXX_LIBRARY = "libc++";
				CLANG_ENABLE_MODULES = YES;
				CLANG_ENABLE_OBJC_ARC = YES;
				CLANG_ENABLE_OBJC_WEAK = YES;
				CLANG_WARN_BLOCK_CAPTURE_AUTORELEASING = YES;
				CLANG_WARN_BOOL_CONVERSION = YES;
				CLANG_WARN_COMMA = YES;
				CLANG_WARN_CONSTANT_CONVERSION = YES;
				CLANG_WARN_DEPRECATED_OBJC_IMPLEMENTATIONS = YES;
				CLANG_WARN_DIRECT_OBJC_ISA_USAGE = YES_ERROR;
				CLANG_WARN_DOCUMENTATION_COMMENTS = YES;
				CLANG_WARN_EMPTY_BODY = YES;
				CLANG_WARN_ENUM_CONVERSION = YES;
				CLANG_WARN_INFINITE_RECURSION = YES;
				CLANG_WARN_INT_CONVERSION = YES;
				CLANG_WARN_NON_LITERAL_NULL_CONVERSION = YES;
				CLANG_WARN_OBJC_IMPLICIT_RETAIN_SELF = YES;
				CLANG_WARN_OBJC_LITERAL_CONVERSION = YES;
				CLANG_WARN_OBJC_ROOT_CLASS = YES_ERROR;
				CLANG_WARN_RANGE_LOOP_ANALYSIS = YES;
				CLANG_WARN_STRICT_PROTOTYPES = YES;
				CLANG_WARN_SUSPICIOUS_MOVE = YES;
				CLANG_WARN_UNGUARDED_AVAILABILITY = YES_AGGRESSIVE;
				CLANG_WARN_UNREACHABLE_CODE = YES;
				CLANG_WARN__DUPLICATE_METHOD_MATCH = YES;
				COPY_PHASE_STRIP = NO;
				DEBUG_INFORMATION_FORMAT = "dwarf-with-dsym";
				ENABLE_NS_ASSERTIONS = NO;
				ENABLE_STRICT_OBJC_MSGSEND = YES;
				GCC_C_LANGUAGE_STANDARD = gnu11;
				GCC_NO_COMMON_BLOCKS = YES;
				GCC_WARN_64_TO_32_BIT_CONVERSION = YES;
				GCC_WARN_ABOUT_RETURN_TYPE = YES_ERROR;
				GCC_WARN_UNDECLARED_SELECTOR = YES;
				GCC_WARN_UNINITIALIZED_AUTOS = YES_AGGRESSIVE;
				GCC_WARN_UNUSED_FUNCTION = YES;
				GCC_WARN_UNUSED_VARIABLE = YES;
				IPHONEOS_DEPLOYMENT_TARGET = 13.2;
				MTL_ENABLE_DEBUG_INFO = NO;
				MTL_FAST_MATH = YES;
				SDKROOT = iphoneos;
				SWIFT_COMPILATION_MODE = wholemodule;
				SWIFT_OPTIMIZATION_LEVEL = "-O";
				VALIDATE_PRODUCT = YES;
			};
			name = Release;
		};
		0EB19D6823A82C6200640A40 /* Debug */ = {
			isa = XCBuildConfiguration;
			baseConfigurationReference = 697EC073F22215ADC4D6BE6A /* Pods-Community Calendar.debug.xcconfig */;
			buildSettings = {
				ASSETCATALOG_COMPILER_APPICON_NAME = AppIcon;
				CODE_SIGN_STYLE = Automatic;
				CURRENT_PROJECT_VERSION = 1;
				DEVELOPMENT_TEAM = V5X7HQSSM6;
				INFOPLIST_FILE = "$(SRCROOT)/Community Calendar/Resources/Info.plist";
				IPHONEOS_DEPLOYMENT_TARGET = 13.0;
				LD_RUNPATH_SEARCH_PATHS = (
					"$(inherited)",
					"@executable_path/Frameworks",
				);
				MARKETING_VERSION = 1.2;
				PRODUCT_BUNDLE_IDENTIFIER = "com.mazjap.Community-Calendar";
				PRODUCT_NAME = "$(TARGET_NAME)";
				SWIFT_ENABLE_BATCH_MODE = NO;
				SWIFT_VERSION = 5.0;
				TARGETED_DEVICE_FAMILY = "1,2";
			};
			name = Debug;
		};
		0EB19D6923A82C6200640A40 /* Release */ = {
			isa = XCBuildConfiguration;
			baseConfigurationReference = 81DB7E6484C7295F061C503B /* Pods-Community Calendar.release.xcconfig */;
			buildSettings = {
				ASSETCATALOG_COMPILER_APPICON_NAME = AppIcon;
				CODE_SIGN_STYLE = Automatic;
				CURRENT_PROJECT_VERSION = 1;
				DEVELOPMENT_TEAM = V5X7HQSSM6;
				INFOPLIST_FILE = "$(SRCROOT)/Community Calendar/Resources/Info.plist";
				IPHONEOS_DEPLOYMENT_TARGET = 13.0;
				LD_RUNPATH_SEARCH_PATHS = (
					"$(inherited)",
					"@executable_path/Frameworks",
				);
				MARKETING_VERSION = 1.2;
				PRODUCT_BUNDLE_IDENTIFIER = "com.mazjap.Community-Calendar";
				PRODUCT_NAME = "$(TARGET_NAME)";
				SWIFT_ENABLE_BATCH_MODE = NO;
				SWIFT_VERSION = 5.0;
				TARGETED_DEVICE_FAMILY = "1,2";
			};
			name = Release;
		};
/* End XCBuildConfiguration section */

/* Begin XCConfigurationList section */
		0E73089523C69147006B5326 /* Build configuration list for PBXNativeTarget "Community Calendar Tests" */ = {
			isa = XCConfigurationList;
			buildConfigurations = (
				0E73089323C69147006B5326 /* Debug */,
				0E73089423C69147006B5326 /* Release */,
			);
			defaultConfigurationIsVisible = 0;
			defaultConfigurationName = Release;
		};
		0EB19D4B23A82C5B00640A40 /* Build configuration list for PBXProject "Community Calendar" */ = {
			isa = XCConfigurationList;
			buildConfigurations = (
				0EB19D6523A82C6200640A40 /* Debug */,
				0EB19D6623A82C6200640A40 /* Release */,
			);
			defaultConfigurationIsVisible = 0;
			defaultConfigurationName = Release;
		};
		0EB19D6723A82C6200640A40 /* Build configuration list for PBXNativeTarget "Community Calendar" */ = {
			isa = XCConfigurationList;
			buildConfigurations = (
				0EB19D6823A82C6200640A40 /* Debug */,
				0EB19D6923A82C6200640A40 /* Release */,
			);
			defaultConfigurationIsVisible = 0;
			defaultConfigurationName = Release;
		};
/* End XCConfigurationList section */

/* Begin XCRemoteSwiftPackageReference section */
		4C468CE3246207C4004799E3 /* XCRemoteSwiftPackageReference "apollo-ios" */ = {
			isa = XCRemoteSwiftPackageReference;
			repositoryURL = "https://github.com/apollographql/apollo-ios.git";
			requirement = {
				kind = upToNextMajorVersion;
				minimumVersion = 0.27.1;
			};
		};
/* End XCRemoteSwiftPackageReference section */

/* Begin XCSwiftPackageProductDependency section */
		4C468CE4246207C4004799E3 /* Apollo */ = {
			isa = XCSwiftPackageProductDependency;
			package = 4C468CE3246207C4004799E3 /* XCRemoteSwiftPackageReference "apollo-ios" */;
			productName = Apollo;
		};
		4C468CE6246207C4004799E3 /* ApolloCodegenLib */ = {
			isa = XCSwiftPackageProductDependency;
			package = 4C468CE3246207C4004799E3 /* XCRemoteSwiftPackageReference "apollo-ios" */;
			productName = ApolloCodegenLib;
		};
		4C468CE8246207C4004799E3 /* ApolloWebSocket */ = {
			isa = XCSwiftPackageProductDependency;
			package = 4C468CE3246207C4004799E3 /* XCRemoteSwiftPackageReference "apollo-ios" */;
			productName = ApolloWebSocket;
		};
/* End XCSwiftPackageProductDependency section */

/* Begin XCVersionGroup section */
		0EE307A523AC53470045EFD1 /* Community_Calendar.xcdatamodeld */ = {
			isa = XCVersionGroup;
			children = (
				0EE307A623AC53470045EFD1 /* Community_Calendar.xcdatamodel */,
			);
			currentVersion = 0EE307A623AC53470045EFD1 /* Community_Calendar.xcdatamodel */;
			path = Community_Calendar.xcdatamodeld;
			sourceTree = "<group>";
			versionGroupType = wrapper.xcdatamodel;
		};
/* End XCVersionGroup section */
	};
	rootObject = 0EB19D4823A82C5B00640A40 /* Project object */;
}
